// !$*UTF8*$!
{
	archiveVersion = 1;
	classes = {
	};
	objectVersion = 56;
	objects = {

/* Begin PBXBuildFile section */
		430E29F72986FFE200147C45 /* TargetApp.swift in Sources */ = {isa = PBXBuildFile; fileRef = 430E29F62986FFE200147C45 /* TargetApp.swift */; };
		430E29F92986FFE200147C45 /* ContentView.swift in Sources */ = {isa = PBXBuildFile; fileRef = 430E29F82986FFE200147C45 /* ContentView.swift */; };
		430E29FB2986FFE300147C45 /* Assets.xcassets in Resources */ = {isa = PBXBuildFile; fileRef = 430E29FA2986FFE300147C45 /* Assets.xcassets */; };
		430E29FE2986FFE300147C45 /* Preview Assets.xcassets in Resources */ = {isa = PBXBuildFile; fileRef = 430E29FD2986FFE300147C45 /* Preview Assets.xcassets */; };
		430E2A002986FFE300147C45 /* Persistence.swift in Sources */ = {isa = PBXBuildFile; fileRef = 430E29FF2986FFE300147C45 /* Persistence.swift */; };
		430E2A032986FFE300147C45 /* Target.xcdatamodeld in Sources */ = {isa = PBXBuildFile; fileRef = 430E2A012986FFE300147C45 /* Target.xcdatamodeld */; };
		430E2A13298708C200147C45 /* NewTargetView.swift in Sources */ = {isa = PBXBuildFile; fileRef = 430E2A12298708C200147C45 /* NewTargetView.swift */; };
		430E2A1829870C4B00147C45 /* Localizable.strings in Resources */ = {isa = PBXBuildFile; fileRef = 430E2A1A29870C4B00147C45 /* Localizable.strings */; };
		430E2A1E29870CD800147C45 /* Utils.swift in Sources */ = {isa = PBXBuildFile; fileRef = 430E2A1D29870CD800147C45 /* Utils.swift */; };
		430E2A232987129900147C45 /* Extensions.swift in Sources */ = {isa = PBXBuildFile; fileRef = 430E2A222987129900147C45 /* Extensions.swift */; };
		430E2A282987155F00147C45 /* AnyFormatKitSwiftUI in Frameworks */ = {isa = PBXBuildFile; productRef = 430E2A272987155F00147C45 /* AnyFormatKitSwiftUI */; };
		4315F791298823CD00F8759B /* NotificationHandler.swift in Sources */ = {isa = PBXBuildFile; fileRef = 4315F790298823CD00F8759B /* NotificationHandler.swift */; };
		4315F79C298832A300F8759B /* TargetDetailView.swift in Sources */ = {isa = PBXBuildFile; fileRef = 4315F79B298832A300F8759B /* TargetDetailView.swift */; };
		4315F79E2988383E00F8759B /* Constants.swift in Sources */ = {isa = PBXBuildFile; fileRef = 4315F79D2988383E00F8759B /* Constants.swift */; };
		4336403B2988E94300AB6862 /* ActionView.swift in Sources */ = {isa = PBXBuildFile; fileRef = 4336403A2988E94300AB6862 /* ActionView.swift */; };
		4336403D2988EC4000AB6862 /* CapsuleProgress.swift in Sources */ = {isa = PBXBuildFile; fileRef = 4336403C2988EC4000AB6862 /* CapsuleProgress.swift */; };
		433640442988F03700AB6862 /* TargetEntity+CoreDataClass.swift in Sources */ = {isa = PBXBuildFile; fileRef = 433640422988F03700AB6862 /* TargetEntity+CoreDataClass.swift */; };
		433640452988F03700AB6862 /* TargetEntity+CoreDataProperties.swift in Sources */ = {isa = PBXBuildFile; fileRef = 433640432988F03700AB6862 /* TargetEntity+CoreDataProperties.swift */; };
		433640482988F0D200AB6862 /* ActionEntity+CoreDataClass.swift in Sources */ = {isa = PBXBuildFile; fileRef = 433640462988F0D200AB6862 /* ActionEntity+CoreDataClass.swift */; };
		433640492988F0D200AB6862 /* ActionEntity+CoreDataProperties.swift in Sources */ = {isa = PBXBuildFile; fileRef = 433640472988F0D200AB6862 /* ActionEntity+CoreDataProperties.swift */; };
		434814402987E19100FE7C68 /* RectangleIcon.swift in Sources */ = {isa = PBXBuildFile; fileRef = 4348143F2987E19100FE7C68 /* RectangleIcon.swift */; };
/* End PBXBuildFile section */

/* Begin PBXFileReference section */
		430E29F32986FFE200147C45 /* Target.app */ = {isa = PBXFileReference; explicitFileType = wrapper.application; includeInIndex = 0; path = Target.app; sourceTree = BUILT_PRODUCTS_DIR; };
		430E29F62986FFE200147C45 /* TargetApp.swift */ = {isa = PBXFileReference; lastKnownFileType = sourcecode.swift; path = TargetApp.swift; sourceTree = "<group>"; };
		430E29F82986FFE200147C45 /* ContentView.swift */ = {isa = PBXFileReference; lastKnownFileType = sourcecode.swift; path = ContentView.swift; sourceTree = "<group>"; };
		430E29FA2986FFE300147C45 /* Assets.xcassets */ = {isa = PBXFileReference; lastKnownFileType = folder.assetcatalog; path = Assets.xcassets; sourceTree = "<group>"; };
		430E29FD2986FFE300147C45 /* Preview Assets.xcassets */ = {isa = PBXFileReference; lastKnownFileType = folder.assetcatalog; path = "Preview Assets.xcassets"; sourceTree = "<group>"; };
		430E29FF2986FFE300147C45 /* Persistence.swift */ = {isa = PBXFileReference; lastKnownFileType = sourcecode.swift; path = Persistence.swift; sourceTree = "<group>"; };
		430E2A022986FFE300147C45 /* Target.xcdatamodel */ = {isa = PBXFileReference; lastKnownFileType = wrapper.xcdatamodel; path = Target.xcdatamodel; sourceTree = "<group>"; };
		430E2A12298708C200147C45 /* NewTargetView.swift */ = {isa = PBXFileReference; lastKnownFileType = sourcecode.swift; path = NewTargetView.swift; sourceTree = "<group>"; };
		430E2A1929870C4B00147C45 /* en */ = {isa = PBXFileReference; lastKnownFileType = text.plist.strings; name = en; path = en.lproj/Localizable.strings; sourceTree = "<group>"; };
		430E2A1B29870C4E00147C45 /* ru */ = {isa = PBXFileReference; lastKnownFileType = text.plist.strings; name = ru; path = ru.lproj/Localizable.strings; sourceTree = "<group>"; };
		430E2A1D29870CD800147C45 /* Utils.swift */ = {isa = PBXFileReference; lastKnownFileType = sourcecode.swift; path = Utils.swift; sourceTree = "<group>"; };
		430E2A222987129900147C45 /* Extensions.swift */ = {isa = PBXFileReference; lastKnownFileType = sourcecode.swift; path = Extensions.swift; sourceTree = "<group>"; };
		4315F790298823CD00F8759B /* NotificationHandler.swift */ = {isa = PBXFileReference; lastKnownFileType = sourcecode.swift; path = NotificationHandler.swift; sourceTree = "<group>"; };
		4315F79A29882CA000F8759B /* Info.plist */ = {isa = PBXFileReference; lastKnownFileType = text.plist; path = Info.plist; sourceTree = "<group>"; };
		4315F79B298832A300F8759B /* TargetDetailView.swift */ = {isa = PBXFileReference; lastKnownFileType = sourcecode.swift; path = TargetDetailView.swift; sourceTree = "<group>"; };
		4315F79D2988383E00F8759B /* Constants.swift */ = {isa = PBXFileReference; lastKnownFileType = sourcecode.swift; path = Constants.swift; sourceTree = "<group>"; };
		4336403A2988E94300AB6862 /* ActionView.swift */ = {isa = PBXFileReference; lastKnownFileType = sourcecode.swift; path = ActionView.swift; sourceTree = "<group>"; };
		4336403C2988EC4000AB6862 /* CapsuleProgress.swift */ = {isa = PBXFileReference; lastKnownFileType = sourcecode.swift; path = CapsuleProgress.swift; sourceTree = "<group>"; };
		433640422988F03700AB6862 /* TargetEntity+CoreDataClass.swift */ = {isa = PBXFileReference; lastKnownFileType = sourcecode.swift; path = "TargetEntity+CoreDataClass.swift"; sourceTree = "<group>"; };
		433640432988F03700AB6862 /* TargetEntity+CoreDataProperties.swift */ = {isa = PBXFileReference; lastKnownFileType = sourcecode.swift; path = "TargetEntity+CoreDataProperties.swift"; sourceTree = "<group>"; };
		433640462988F0D200AB6862 /* ActionEntity+CoreDataClass.swift */ = {isa = PBXFileReference; lastKnownFileType = sourcecode.swift; path = "ActionEntity+CoreDataClass.swift"; sourceTree = "<group>"; };
		433640472988F0D200AB6862 /* ActionEntity+CoreDataProperties.swift */ = {isa = PBXFileReference; lastKnownFileType = sourcecode.swift; path = "ActionEntity+CoreDataProperties.swift"; sourceTree = "<group>"; };
		4348143F2987E19100FE7C68 /* RectangleIcon.swift */ = {isa = PBXFileReference; lastKnownFileType = sourcecode.swift; path = RectangleIcon.swift; sourceTree = "<group>"; };
/* End PBXFileReference section */

/* Begin PBXFrameworksBuildPhase section */
		430E29F02986FFE200147C45 /* Frameworks */ = {
			isa = PBXFrameworksBuildPhase;
			buildActionMask = 2147483647;
			files = (
				430E2A282987155F00147C45 /* AnyFormatKitSwiftUI in Frameworks */,
			);
			runOnlyForDeploymentPostprocessing = 0;
		};
/* End PBXFrameworksBuildPhase section */

/* Begin PBXGroup section */
		430E29EA2986FFE200147C45 = {
			isa = PBXGroup;
			children = (
				430E29F52986FFE200147C45 /* Target */,
				430E29F42986FFE200147C45 /* Products */,
			);
			sourceTree = "<group>";
		};
		430E29F42986FFE200147C45 /* Products */ = {
			isa = PBXGroup;
			children = (
				430E29F32986FFE200147C45 /* Target.app */,
			);
			name = Products;
			sourceTree = "<group>";
		};
		430E29F52986FFE200147C45 /* Target */ = {
			isa = PBXGroup;
			children = (
				4315F79A29882CA000F8759B /* Info.plist */,
				430E29F62986FFE200147C45 /* TargetApp.swift */,
				430E2A1529870AAD00147C45 /* Views */,
				430E2A1C29870CCA00147C45 /* Helpers */,
				430E2A0D2987019A00147C45 /* Core Data */,
				430E29FC2986FFE300147C45 /* Preview Content */,
				430E2A1A29870C4B00147C45 /* Localizable.strings */,
				430E29FA2986FFE300147C45 /* Assets.xcassets */,
			);
			path = Target;
			sourceTree = "<group>";
		};
		430E29FC2986FFE300147C45 /* Preview Content */ = {
			isa = PBXGroup;
			children = (
				430E29FD2986FFE300147C45 /* Preview Assets.xcassets */,
			);
			path = "Preview Content";
			sourceTree = "<group>";
		};
		430E2A0D2987019A00147C45 /* Core Data */ = {
			isa = PBXGroup;
			children = (
				430E2A012986FFE300147C45 /* Target.xcdatamodeld */,
				430E29FF2986FFE300147C45 /* Persistence.swift */,
				433640422988F03700AB6862 /* TargetEntity+CoreDataClass.swift */,
				433640432988F03700AB6862 /* TargetEntity+CoreDataProperties.swift */,
				433640462988F0D200AB6862 /* ActionEntity+CoreDataClass.swift */,
				433640472988F0D200AB6862 /* ActionEntity+CoreDataProperties.swift */,
			);
			path = "Core Data";
			sourceTree = "<group>";
		};
		430E2A1529870AAD00147C45 /* Views */ = {
			isa = PBXGroup;
			children = (
				430E29F82986FFE200147C45 /* ContentView.swift */,
				430E2A12298708C200147C45 /* NewTargetView.swift */,
				4315F79B298832A300F8759B /* TargetDetailView.swift */,
				4336403A2988E94300AB6862 /* ActionView.swift */,
				4348143F2987E19100FE7C68 /* RectangleIcon.swift */,
				4336403C2988EC4000AB6862 /* CapsuleProgress.swift */,
			);
			path = Views;
			sourceTree = "<group>";
		};
		430E2A1C29870CCA00147C45 /* Helpers */ = {
			isa = PBXGroup;
			children = (
				4315F790298823CD00F8759B /* NotificationHandler.swift */,
				430E2A1D29870CD800147C45 /* Utils.swift */,
				430E2A222987129900147C45 /* Extensions.swift */,
				4315F79D2988383E00F8759B /* Constants.swift */,
			);
			path = Helpers;
			sourceTree = "<group>";
		};
/* End PBXGroup section */

/* Begin PBXNativeTarget section */
		430E29F22986FFE200147C45 /* Target */ = {
			isa = PBXNativeTarget;
			buildConfigurationList = 430E2A062986FFE300147C45 /* Build configuration list for PBXNativeTarget "Target" */;
			buildPhases = (
				430E29EF2986FFE200147C45 /* Sources */,
				430E29F02986FFE200147C45 /* Frameworks */,
				430E29F12986FFE200147C45 /* Resources */,
			);
			buildRules = (
			);
			dependencies = (
			);
			name = Target;
			packageProductDependencies = (
				430E2A272987155F00147C45 /* AnyFormatKitSwiftUI */,
			);
			productName = Target;
			productReference = 430E29F32986FFE200147C45 /* Target.app */;
			productType = "com.apple.product-type.application";
		};
/* End PBXNativeTarget section */

/* Begin PBXProject section */
		430E29EB2986FFE200147C45 /* Project object */ = {
			isa = PBXProject;
			attributes = {
				BuildIndependentTargetsInParallel = 1;
				LastSwiftUpdateCheck = 1420;
				LastUpgradeCheck = 1420;
				TargetAttributes = {
					430E29F22986FFE200147C45 = {
						CreatedOnToolsVersion = 14.2;
					};
				};
			};
			buildConfigurationList = 430E29EE2986FFE200147C45 /* Build configuration list for PBXProject "Target" */;
			compatibilityVersion = "Xcode 14.0";
			developmentRegion = en;
			hasScannedForEncodings = 0;
			knownRegions = (
				en,
				ru,
			);
			mainGroup = 430E29EA2986FFE200147C45;
			packageReferences = (
				430E2A262987155F00147C45 /* XCRemoteSwiftPackageReference "AnyFormatKitSwiftUI" */,
			);
			productRefGroup = 430E29F42986FFE200147C45 /* Products */;
			projectDirPath = "";
			projectRoot = "";
			targets = (
				430E29F22986FFE200147C45 /* Target */,
			);
		};
/* End PBXProject section */

/* Begin PBXResourcesBuildPhase section */
		430E29F12986FFE200147C45 /* Resources */ = {
			isa = PBXResourcesBuildPhase;
			buildActionMask = 2147483647;
			files = (
				430E29FE2986FFE300147C45 /* Preview Assets.xcassets in Resources */,
				430E2A1829870C4B00147C45 /* Localizable.strings in Resources */,
				430E29FB2986FFE300147C45 /* Assets.xcassets in Resources */,
			);
			runOnlyForDeploymentPostprocessing = 0;
		};
/* End PBXResourcesBuildPhase section */

/* Begin PBXSourcesBuildPhase section */
		430E29EF2986FFE200147C45 /* Sources */ = {
			isa = PBXSourcesBuildPhase;
			buildActionMask = 2147483647;
			files = (
				430E2A002986FFE300147C45 /* Persistence.swift in Sources */,
				430E29F92986FFE200147C45 /* ContentView.swift in Sources */,
				4336403D2988EC4000AB6862 /* CapsuleProgress.swift in Sources */,
				433640442988F03700AB6862 /* TargetEntity+CoreDataClass.swift in Sources */,
				433640482988F0D200AB6862 /* ActionEntity+CoreDataClass.swift in Sources */,
				433640492988F0D200AB6862 /* ActionEntity+CoreDataProperties.swift in Sources */,
				4315F791298823CD00F8759B /* NotificationHandler.swift in Sources */,
				430E2A032986FFE300147C45 /* Target.xcdatamodeld in Sources */,
				4336403B2988E94300AB6862 /* ActionView.swift in Sources */,
				4315F79C298832A300F8759B /* TargetDetailView.swift in Sources */,
				433640452988F03700AB6862 /* TargetEntity+CoreDataProperties.swift in Sources */,
				4315F79E2988383E00F8759B /* Constants.swift in Sources */,
				430E2A232987129900147C45 /* Extensions.swift in Sources */,
				434814402987E19100FE7C68 /* RectangleIcon.swift in Sources */,
				430E29F72986FFE200147C45 /* TargetApp.swift in Sources */,
				430E2A13298708C200147C45 /* NewTargetView.swift in Sources */,
				430E2A1E29870CD800147C45 /* Utils.swift in Sources */,
			);
			runOnlyForDeploymentPostprocessing = 0;
		};
/* End PBXSourcesBuildPhase section */

/* Begin PBXVariantGroup section */
		430E2A1A29870C4B00147C45 /* Localizable.strings */ = {
			isa = PBXVariantGroup;
			children = (
				430E2A1929870C4B00147C45 /* en */,
				430E2A1B29870C4E00147C45 /* ru */,
			);
			name = Localizable.strings;
			sourceTree = "<group>";
		};
/* End PBXVariantGroup section */

/* Begin XCBuildConfiguration section */
		430E2A042986FFE300147C45 /* Debug */ = {
			isa = XCBuildConfiguration;
			buildSettings = {
				ALWAYS_SEARCH_USER_PATHS = NO;
				CLANG_ANALYZER_NONNULL = YES;
				CLANG_ANALYZER_NUMBER_OBJECT_CONVERSION = YES_AGGRESSIVE;
				CLANG_CXX_LANGUAGE_STANDARD = "gnu++20";
				CLANG_ENABLE_MODULES = YES;
				CLANG_ENABLE_OBJC_ARC = YES;
				CLANG_ENABLE_OBJC_WEAK = YES;
				CLANG_WARN_BLOCK_CAPTURE_AUTORELEASING = YES;
				CLANG_WARN_BOOL_CONVERSION = YES;
				CLANG_WARN_COMMA = YES;
				CLANG_WARN_CONSTANT_CONVERSION = YES;
				CLANG_WARN_DEPRECATED_OBJC_IMPLEMENTATIONS = YES;
				CLANG_WARN_DIRECT_OBJC_ISA_USAGE = YES_ERROR;
				CLANG_WARN_DOCUMENTATION_COMMENTS = YES;
				CLANG_WARN_EMPTY_BODY = YES;
				CLANG_WARN_ENUM_CONVERSION = YES;
				CLANG_WARN_INFINITE_RECURSION = YES;
				CLANG_WARN_INT_CONVERSION = YES;
				CLANG_WARN_NON_LITERAL_NULL_CONVERSION = YES;
				CLANG_WARN_OBJC_IMPLICIT_RETAIN_SELF = YES;
				CLANG_WARN_OBJC_LITERAL_CONVERSION = YES;
				CLANG_WARN_OBJC_ROOT_CLASS = YES_ERROR;
				CLANG_WARN_QUOTED_INCLUDE_IN_FRAMEWORK_HEADER = YES;
				CLANG_WARN_RANGE_LOOP_ANALYSIS = YES;
				CLANG_WARN_STRICT_PROTOTYPES = YES;
				CLANG_WARN_SUSPICIOUS_MOVE = YES;
				CLANG_WARN_UNGUARDED_AVAILABILITY = YES_AGGRESSIVE;
				CLANG_WARN_UNREACHABLE_CODE = YES;
				CLANG_WARN__DUPLICATE_METHOD_MATCH = YES;
				COPY_PHASE_STRIP = NO;
				DEBUG_INFORMATION_FORMAT = dwarf;
				ENABLE_STRICT_OBJC_MSGSEND = YES;
				ENABLE_TESTABILITY = YES;
				GCC_C_LANGUAGE_STANDARD = gnu11;
				GCC_DYNAMIC_NO_PIC = NO;
				GCC_NO_COMMON_BLOCKS = YES;
				GCC_OPTIMIZATION_LEVEL = 0;
				GCC_PREPROCESSOR_DEFINITIONS = (
					"DEBUG=1",
					"$(inherited)",
				);
				GCC_WARN_64_TO_32_BIT_CONVERSION = YES;
				GCC_WARN_ABOUT_RETURN_TYPE = YES_ERROR;
				GCC_WARN_UNDECLARED_SELECTOR = YES;
				GCC_WARN_UNINITIALIZED_AUTOS = YES_AGGRESSIVE;
				GCC_WARN_UNUSED_FUNCTION = YES;
				GCC_WARN_UNUSED_VARIABLE = YES;
				IPHONEOS_DEPLOYMENT_TARGET = 16.2;
				MTL_ENABLE_DEBUG_INFO = INCLUDE_SOURCE;
				MTL_FAST_MATH = YES;
				ONLY_ACTIVE_ARCH = YES;
				SDKROOT = iphoneos;
				SWIFT_ACTIVE_COMPILATION_CONDITIONS = DEBUG;
				SWIFT_OPTIMIZATION_LEVEL = "-Onone";
			};
			name = Debug;
		};
		430E2A052986FFE300147C45 /* Release */ = {
			isa = XCBuildConfiguration;
			buildSettings = {
				ALWAYS_SEARCH_USER_PATHS = NO;
				CLANG_ANALYZER_NONNULL = YES;
				CLANG_ANALYZER_NUMBER_OBJECT_CONVERSION = YES_AGGRESSIVE;
				CLANG_CXX_LANGUAGE_STANDARD = "gnu++20";
				CLANG_ENABLE_MODULES = YES;
				CLANG_ENABLE_OBJC_ARC = YES;
				CLANG_ENABLE_OBJC_WEAK = YES;
				CLANG_WARN_BLOCK_CAPTURE_AUTORELEASING = YES;
				CLANG_WARN_BOOL_CONVERSION = YES;
				CLANG_WARN_COMMA = YES;
				CLANG_WARN_CONSTANT_CONVERSION = YES;
				CLANG_WARN_DEPRECATED_OBJC_IMPLEMENTATIONS = YES;
				CLANG_WARN_DIRECT_OBJC_ISA_USAGE = YES_ERROR;
				CLANG_WARN_DOCUMENTATION_COMMENTS = YES;
				CLANG_WARN_EMPTY_BODY = YES;
				CLANG_WARN_ENUM_CONVERSION = YES;
				CLANG_WARN_INFINITE_RECURSION = YES;
				CLANG_WARN_INT_CONVERSION = YES;
				CLANG_WARN_NON_LITERAL_NULL_CONVERSION = YES;
				CLANG_WARN_OBJC_IMPLICIT_RETAIN_SELF = YES;
				CLANG_WARN_OBJC_LITERAL_CONVERSION = YES;
				CLANG_WARN_OBJC_ROOT_CLASS = YES_ERROR;
				CLANG_WARN_QUOTED_INCLUDE_IN_FRAMEWORK_HEADER = YES;
				CLANG_WARN_RANGE_LOOP_ANALYSIS = YES;
				CLANG_WARN_STRICT_PROTOTYPES = YES;
				CLANG_WARN_SUSPICIOUS_MOVE = YES;
				CLANG_WARN_UNGUARDED_AVAILABILITY = YES_AGGRESSIVE;
				CLANG_WARN_UNREACHABLE_CODE = YES;
				CLANG_WARN__DUPLICATE_METHOD_MATCH = YES;
				COPY_PHASE_STRIP = NO;
				DEBUG_INFORMATION_FORMAT = "dwarf-with-dsym";
				ENABLE_NS_ASSERTIONS = NO;
				ENABLE_STRICT_OBJC_MSGSEND = YES;
				GCC_C_LANGUAGE_STANDARD = gnu11;
				GCC_NO_COMMON_BLOCKS = YES;
				GCC_WARN_64_TO_32_BIT_CONVERSION = YES;
				GCC_WARN_ABOUT_RETURN_TYPE = YES_ERROR;
				GCC_WARN_UNDECLARED_SELECTOR = YES;
				GCC_WARN_UNINITIALIZED_AUTOS = YES_AGGRESSIVE;
				GCC_WARN_UNUSED_FUNCTION = YES;
				GCC_WARN_UNUSED_VARIABLE = YES;
				IPHONEOS_DEPLOYMENT_TARGET = 16.2;
				MTL_ENABLE_DEBUG_INFO = NO;
				MTL_FAST_MATH = YES;
				SDKROOT = iphoneos;
				SWIFT_COMPILATION_MODE = wholemodule;
				SWIFT_OPTIMIZATION_LEVEL = "-O";
				VALIDATE_PRODUCT = YES;
			};
			name = Release;
		};
		430E2A072986FFE300147C45 /* Debug */ = {
			isa = XCBuildConfiguration;
			buildSettings = {
				ASSETCATALOG_COMPILER_APPICON_NAME = AppIcon;
				ASSETCATALOG_COMPILER_GLOBAL_ACCENT_COLOR_NAME = AccentColor;
				CODE_SIGN_STYLE = Automatic;
				CURRENT_PROJECT_VERSION = 1;
				DEVELOPMENT_ASSET_PATHS = "\"Target/Preview Content\"";
				DEVELOPMENT_TEAM = CQ3SGH4DSY;
				ENABLE_PREVIEWS = YES;
				GENERATE_INFOPLIST_FILE = YES;
				INFOPLIST_FILE = Target/Info.plist;
				INFOPLIST_KEY_UIApplicationSceneManifest_Generation = YES;
				INFOPLIST_KEY_UIApplicationSupportsIndirectInputEvents = YES;
				INFOPLIST_KEY_UILaunchScreen_Generation = YES;
				INFOPLIST_KEY_UISupportedInterfaceOrientations_iPad = "UIInterfaceOrientationPortrait UIInterfaceOrientationPortraitUpsideDown UIInterfaceOrientationLandscapeLeft UIInterfaceOrientationLandscapeRight";
				INFOPLIST_KEY_UISupportedInterfaceOrientations_iPhone = "UIInterfaceOrientationPortrait UIInterfaceOrientationLandscapeLeft UIInterfaceOrientationLandscapeRight";
				IPHONEOS_DEPLOYMENT_TARGET = 15.0;
				LD_RUNPATH_SEARCH_PATHS = (
					"$(inherited)",
					"@executable_path/Frameworks",
				);
				MARKETING_VERSION = 1.0;
				PRODUCT_BUNDLE_IDENTIFIER = VN.Target;
				PRODUCT_NAME = "$(TARGET_NAME)";
				SWIFT_EMIT_LOC_STRINGS = YES;
				SWIFT_VERSION = 5.0;
				TARGETED_DEVICE_FAMILY = "1,2";
			};
			name = Debug;
		};
		430E2A082986FFE300147C45 /* Release */ = {
			isa = XCBuildConfiguration;
			buildSettings = {
				ASSETCATALOG_COMPILER_APPICON_NAME = AppIcon;
				ASSETCATALOG_COMPILER_GLOBAL_ACCENT_COLOR_NAME = AccentColor;
				CODE_SIGN_STYLE = Automatic;
				CURRENT_PROJECT_VERSION = 1;
				DEVELOPMENT_ASSET_PATHS = "\"Target/Preview Content\"";
				DEVELOPMENT_TEAM = CQ3SGH4DSY;
				ENABLE_PREVIEWS = YES;
				GENERATE_INFOPLIST_FILE = YES;
				INFOPLIST_FILE = Target/Info.plist;
				INFOPLIST_KEY_UIApplicationSceneManifest_Generation = YES;
				INFOPLIST_KEY_UIApplicationSupportsIndirectInputEvents = YES;
				INFOPLIST_KEY_UILaunchScreen_Generation = YES;
				INFOPLIST_KEY_UISupportedInterfaceOrientations_iPad = "UIInterfaceOrientationPortrait UIInterfaceOrientationPortraitUpsideDown UIInterfaceOrientationLandscapeLeft UIInterfaceOrientationLandscapeRight";
				INFOPLIST_KEY_UISupportedInterfaceOrientations_iPhone = "UIInterfaceOrientationPortrait UIInterfaceOrientationLandscapeLeft UIInterfaceOrientationLandscapeRight";
				IPHONEOS_DEPLOYMENT_TARGET = 15.0;
				LD_RUNPATH_SEARCH_PATHS = (
					"$(inherited)",
					"@executable_path/Frameworks",
				);
				MARKETING_VERSION = 1.0;
				PRODUCT_BUNDLE_IDENTIFIER = VN.Target;
				PRODUCT_NAME = "$(TARGET_NAME)";
				SWIFT_EMIT_LOC_STRINGS = YES;
				SWIFT_VERSION = 5.0;
				TARGETED_DEVICE_FAMILY = "1,2";
			};
			name = Release;
		};
/* End XCBuildConfiguration section */

/* Begin XCConfigurationList section */
		430E29EE2986FFE200147C45 /* Build configuration list for PBXProject "Target" */ = {
			isa = XCConfigurationList;
			buildConfigurations = (
				430E2A042986FFE300147C45 /* Debug */,
				430E2A052986FFE300147C45 /* Release */,
			);
			defaultConfigurationIsVisible = 0;
			defaultConfigurationName = Release;
		};
		430E2A062986FFE300147C45 /* Build configuration list for PBXNativeTarget "Target" */ = {
			isa = XCConfigurationList;
			buildConfigurations = (
				430E2A072986FFE300147C45 /* Debug */,
				430E2A082986FFE300147C45 /* Release */,
			);
			defaultConfigurationIsVisible = 0;
			defaultConfigurationName = Release;
		};
/* End XCConfigurationList section */

/* Begin XCRemoteSwiftPackageReference section */
		430E2A262987155F00147C45 /* XCRemoteSwiftPackageReference "AnyFormatKitSwiftUI" */ = {
			isa = XCRemoteSwiftPackageReference;
			repositoryURL = "https://github.com/luximetr/AnyFormatKitSwiftUI";
			requirement = {
				kind = upToNextMajorVersion;
				minimumVersion = 0.5.3;
			};
		};
/* End XCRemoteSwiftPackageReference section */

/* Begin XCSwiftPackageProductDependency section */
		430E2A272987155F00147C45 /* AnyFormatKitSwiftUI */ = {
			isa = XCSwiftPackageProductDependency;
			package = 430E2A262987155F00147C45 /* XCRemoteSwiftPackageReference "AnyFormatKitSwiftUI" */;
			productName = AnyFormatKitSwiftUI;
		};
/* End XCSwiftPackageProductDependency section */

/* Begin XCVersionGroup section */
		430E2A012986FFE300147C45 /* Target.xcdatamodeld */ = {
			isa = XCVersionGroup;
			children = (
				430E2A022986FFE300147C45 /* Target.xcdatamodel */,
			);
			currentVersion = 430E2A022986FFE300147C45 /* Target.xcdatamodel */;
			path = Target.xcdatamodeld;
			sourceTree = "<group>";
			versionGroupType = wrapper.xcdatamodel;
		};
/* End XCVersionGroup section */
	};
	rootObject = 430E29EB2986FFE200147C45 /* Project object */;
}
