// !$*UTF8*$!
{
	archiveVersion = 1;
	classes = {
	};
	objectVersion = 56;
	objects = {

/* Begin PBXBuildFile section */
		430E29F72986FFE200147C45 /* TargetApp.swift in Sources */ = {isa = PBXBuildFile; fileRef = 430E29F62986FFE200147C45 /* TargetApp.swift */; };
		430E29F92986FFE200147C45 /* ContentView.swift in Sources */ = {isa = PBXBuildFile; fileRef = 430E29F82986FFE200147C45 /* ContentView.swift */; };
		430E29FB2986FFE300147C45 /* Assets.xcassets in Resources */ = {isa = PBXBuildFile; fileRef = 430E29FA2986FFE300147C45 /* Assets.xcassets */; };
		430E29FE2986FFE300147C45 /* Preview Assets.xcassets in Resources */ = {isa = PBXBuildFile; fileRef = 430E29FD2986FFE300147C45 /* Preview Assets.xcassets */; };
		430E2A002986FFE300147C45 /* Persistence.swift in Sources */ = {isa = PBXBuildFile; fileRef = 430E29FF2986FFE300147C45 /* Persistence.swift */; };
		430E2A13298708C200147C45 /* NewTargetView.swift in Sources */ = {isa = PBXBuildFile; fileRef = 430E2A12298708C200147C45 /* NewTargetView.swift */; };
		430E2A1829870C4B00147C45 /* Localizable.strings in Resources */ = {isa = PBXBuildFile; fileRef = 430E2A1A29870C4B00147C45 /* Localizable.strings */; };
		430E2A1E29870CD800147C45 /* Utils.swift in Sources */ = {isa = PBXBuildFile; fileRef = 430E2A1D29870CD800147C45 /* Utils.swift */; };
		430E2A232987129900147C45 /* Extensions.swift in Sources */ = {isa = PBXBuildFile; fileRef = 430E2A222987129900147C45 /* Extensions.swift */; };
		430E2A282987155F00147C45 /* AnyFormatKitSwiftUI in Frameworks */ = {isa = PBXBuildFile; productRef = 430E2A272987155F00147C45 /* AnyFormatKitSwiftUI */; };
		4315F791298823CD00F8759B /* NotificationHandler.swift in Sources */ = {isa = PBXBuildFile; fileRef = 4315F790298823CD00F8759B /* NotificationHandler.swift */; };
		4315F79C298832A300F8759B /* ActiveTargetDetailView.swift in Sources */ = {isa = PBXBuildFile; fileRef = 4315F79B298832A300F8759B /* ActiveTargetDetailView.swift */; };
		4315F79E2988383E00F8759B /* Constants.swift in Sources */ = {isa = PBXBuildFile; fileRef = 4315F79D2988383E00F8759B /* Constants.swift */; };
		43228551299137FC0036EF53 /* InterstitialAd.swift in Sources */ = {isa = PBXBuildFile; fileRef = 43228550299137FC0036EF53 /* InterstitialAd.swift */; };
		4336403B2988E94300AB6862 /* ActionView.swift in Sources */ = {isa = PBXBuildFile; fileRef = 4336403A2988E94300AB6862 /* ActionView.swift */; };
		4336403D2988EC4000AB6862 /* CapsuleProgress.swift in Sources */ = {isa = PBXBuildFile; fileRef = 4336403C2988EC4000AB6862 /* CapsuleProgress.swift */; };
		433640442988F03700AB6862 /* TargetEntity+CoreDataClass.swift in Sources */ = {isa = PBXBuildFile; fileRef = 433640422988F03700AB6862 /* TargetEntity+CoreDataClass.swift */; };
		433640452988F03700AB6862 /* TargetEntity+CoreDataProperties.swift in Sources */ = {isa = PBXBuildFile; fileRef = 433640432988F03700AB6862 /* TargetEntity+CoreDataProperties.swift */; };
		433640482988F0D200AB6862 /* ActionEntity+CoreDataClass.swift in Sources */ = {isa = PBXBuildFile; fileRef = 433640462988F0D200AB6862 /* ActionEntity+CoreDataClass.swift */; };
		433640492988F0D200AB6862 /* ActionEntity+CoreDataProperties.swift in Sources */ = {isa = PBXBuildFile; fileRef = 433640472988F0D200AB6862 /* ActionEntity+CoreDataProperties.swift */; };
		4336404B298919A300AB6862 /* ActionsHistoryView.swift in Sources */ = {isa = PBXBuildFile; fileRef = 4336404A298919A300AB6862 /* ActionsHistoryView.swift */; };
		4341E11D298AE52B001C8130 /* FinishView.swift in Sources */ = {isa = PBXBuildFile; fileRef = 4341E11C298AE52B001C8130 /* FinishView.swift */; };
		4341E121298B0C12001C8130 /* CreatedTargetSection.swift in Sources */ = {isa = PBXBuildFile; fileRef = 4341E120298B0C12001C8130 /* CreatedTargetSection.swift */; };
		4343CB452989AB0A00ACCD23 /* ActiveTargetsView.swift in Sources */ = {isa = PBXBuildFile; fileRef = 4343CB442989AB0A00ACCD23 /* ActiveTargetsView.swift */; };
		4343CB472989ABB900ACCD23 /* ArchiveTargetsView.swift in Sources */ = {isa = PBXBuildFile; fileRef = 4343CB462989ABB900ACCD23 /* ArchiveTargetsView.swift */; };
		434814402987E19100FE7C68 /* RectangleIcon.swift in Sources */ = {isa = PBXBuildFile; fileRef = 4348143F2987E19100FE7C68 /* RectangleIcon.swift */; };
		434DFABD298D6308004CD60B /* Target_app.xcdatamodeld in Sources */ = {isa = PBXBuildFile; fileRef = 434DFABB298D6308004CD60B /* Target_app.xcdatamodeld */; };
		434DFABF298D6337004CD60B /* ArchiveTargetDetailView.swift in Sources */ = {isa = PBXBuildFile; fileRef = 434DFABE298D6337004CD60B /* ArchiveTargetDetailView.swift */; };
		434DFAC1298D687B004CD60B /* ActionsHistorySection.swift in Sources */ = {isa = PBXBuildFile; fileRef = 434DFAC0298D687B004CD60B /* ActionsHistorySection.swift */; };
		435A1BDE29CB3AD800CC4107 /* StoreConfiguration.storekit in Resources */ = {isa = PBXBuildFile; fileRef = 435A1BDD29CB3AD800CC4107 /* StoreConfiguration.storekit */; };
		4365A0C629914D9B00FA6E7F /* Localizable.strings in Resources */ = {isa = PBXBuildFile; fileRef = 430E2A1A29870C4B00147C45 /* Localizable.strings */; };
		4365A0C729914D9B00FA6E7F /* Localizable.strings in Resources */ = {isa = PBXBuildFile; fileRef = 430E2A1A29870C4B00147C45 /* Localizable.strings */; };
		4365A0C82991805100FA6E7F /* RectangleIcon.swift in Sources */ = {isa = PBXBuildFile; fileRef = 4348143F2987E19100FE7C68 /* RectangleIcon.swift */; };
		4365A0C92991809900FA6E7F /* ConfigurationWidget.swift in Sources */ = {isa = PBXBuildFile; fileRef = 43F295402990F27600F9F81A /* ConfigurationWidget.swift */; };
		4365A0CA299180A500FA6E7F /* RectangleIcon.swift in Sources */ = {isa = PBXBuildFile; fileRef = 4348143F2987E19100FE7C68 /* RectangleIcon.swift */; };
		43F2953B2990F27600F9F81A /* WidgetKit.framework in Frameworks */ = {isa = PBXBuildFile; fileRef = 435CD11729900C4800811C32 /* WidgetKit.framework */; };
		43F2953C2990F27600F9F81A /* SwiftUI.framework in Frameworks */ = {isa = PBXBuildFile; fileRef = 435CD11929900C4800811C32 /* SwiftUI.framework */; };
		43F2953F2990F27600F9F81A /* ConfigurationWidgetBundle.swift in Sources */ = {isa = PBXBuildFile; fileRef = 43F2953E2990F27600F9F81A /* ConfigurationWidgetBundle.swift */; };
		43F295412990F27600F9F81A /* ConfigurationWidget.swift in Sources */ = {isa = PBXBuildFile; fileRef = 43F295402990F27600F9F81A /* ConfigurationWidget.swift */; };
		43F295442990F27800F9F81A /* Assets.xcassets in Resources */ = {isa = PBXBuildFile; fileRef = 43F295432990F27800F9F81A /* Assets.xcassets */; };
		43F295462990F27800F9F81A /* ConfigurationWidget.intentdefinition in Sources */ = {isa = PBXBuildFile; fileRef = 43F295422990F27600F9F81A /* ConfigurationWidget.intentdefinition */; };
		43F295472990F27800F9F81A /* ConfigurationWidget.intentdefinition in Sources */ = {isa = PBXBuildFile; fileRef = 43F295422990F27600F9F81A /* ConfigurationWidget.intentdefinition */; };
		43F2954A2990F27800F9F81A /* ConfigurationWidgetExtension.appex in Embed Foundation Extensions */ = {isa = PBXBuildFile; fileRef = 43F2953A2990F27600F9F81A /* ConfigurationWidgetExtension.appex */; settings = {ATTRIBUTES = (RemoveHeadersOnCopy, ); }; };
		43F295542990F30A00F9F81A /* Intents.framework in Frameworks */ = {isa = PBXBuildFile; fileRef = 435CD13429900E1F00811C32 /* Intents.framework */; };
		43F295572990F30A00F9F81A /* IntentHandler.swift in Sources */ = {isa = PBXBuildFile; fileRef = 43F295562990F30A00F9F81A /* IntentHandler.swift */; };
		43F2955B2990F30A00F9F81A /* ConfigurationWidgetIntent.appex in Embed Foundation Extensions */ = {isa = PBXBuildFile; fileRef = 43F295532990F30A00F9F81A /* ConfigurationWidgetIntent.appex */; settings = {ATTRIBUTES = (RemoveHeadersOnCopy, ); }; };
		43F2955F2990F31200F9F81A /* IntentHandler.swift in Sources */ = {isa = PBXBuildFile; fileRef = 43F295562990F30A00F9F81A /* IntentHandler.swift */; };
		43F295602990F32200F9F81A /* ConfigurationWidget.intentdefinition in Sources */ = {isa = PBXBuildFile; fileRef = 43F295422990F27600F9F81A /* ConfigurationWidget.intentdefinition */; };
		43F295612990F32500F9F81A /* ConfigurationWidget.swift in Sources */ = {isa = PBXBuildFile; fileRef = 43F295402990F27600F9F81A /* ConfigurationWidget.swift */; };
		43F295622990F32700F9F81A /* ConfigurationWidgetBundle.swift in Sources */ = {isa = PBXBuildFile; fileRef = 43F2953E2990F27600F9F81A /* ConfigurationWidgetBundle.swift */; };
		43F295632990F4AB00F9F81A /* Utils.swift in Sources */ = {isa = PBXBuildFile; fileRef = 430E2A1D29870CD800147C45 /* Utils.swift */; };
		43F295642990F4AB00F9F81A /* Utils.swift in Sources */ = {isa = PBXBuildFile; fileRef = 430E2A1D29870CD800147C45 /* Utils.swift */; };
		43F295662990FC2E00F9F81A /* Constants.swift in Sources */ = {isa = PBXBuildFile; fileRef = 4315F79D2988383E00F8759B /* Constants.swift */; };
		43F295672990FC2F00F9F81A /* Constants.swift in Sources */ = {isa = PBXBuildFile; fileRef = 4315F79D2988383E00F8759B /* Constants.swift */; };
		43F295682991015600F9F81A /* Extensions.swift in Sources */ = {isa = PBXBuildFile; fileRef = 430E2A222987129900147C45 /* Extensions.swift */; };
		43F295692991015700F9F81A /* Extensions.swift in Sources */ = {isa = PBXBuildFile; fileRef = 430E2A222987129900147C45 /* Extensions.swift */; };
		43F295872991191900F9F81A /* ProVersionView.swift in Sources */ = {isa = PBXBuildFile; fileRef = 43F295862991191900F9F81A /* ProVersionView.swift */; };
		43F2958929911B0B00F9F81A /* StoreViewModel.swift in Sources */ = {isa = PBXBuildFile; fileRef = 43F2958829911B0B00F9F81A /* StoreViewModel.swift */; };
		9AB6A6A100AD48E070829FF2 /* Pods_ConfigurationWidgetExtension.framework in Frameworks */ = {isa = PBXBuildFile; fileRef = ED97DA8AC93BAD5077724C7B /* Pods_ConfigurationWidgetExtension.framework */; };
		AC7D38BDB55CA5E0430AB0C9 /* Pods_ConfigurationWidgetIntent.framework in Frameworks */ = {isa = PBXBuildFile; fileRef = 44438848FFE750306BAA9FDC /* Pods_ConfigurationWidgetIntent.framework */; };
		E41403FB936C792D4E856FF5 /* Pods_Target.framework in Frameworks */ = {isa = PBXBuildFile; fileRef = 45903950E917EB65BD05A635 /* Pods_Target.framework */; };
/* End PBXBuildFile section */

/* Begin PBXContainerItemProxy section */
		43F295482990F27800F9F81A /* PBXContainerItemProxy */ = {
			isa = PBXContainerItemProxy;
			containerPortal = 430E29EB2986FFE200147C45 /* Project object */;
			proxyType = 1;
			remoteGlobalIDString = 43F295392990F27600F9F81A;
			remoteInfo = ConfigurationWidgetExtension;
		};
		43F295592990F30A00F9F81A /* PBXContainerItemProxy */ = {
			isa = PBXContainerItemProxy;
			containerPortal = 430E29EB2986FFE200147C45 /* Project object */;
			proxyType = 1;
			remoteGlobalIDString = 43F295522990F30A00F9F81A;
			remoteInfo = ConfigurationWidgetIntent;
		};
/* End PBXContainerItemProxy section */

/* Begin PBXCopyFilesBuildPhase section */
		435CD12929900C4900811C32 /* Embed Foundation Extensions */ = {
			isa = PBXCopyFilesBuildPhase;
			buildActionMask = 2147483647;
			dstPath = "";
			dstSubfolderSpec = 13;
			files = (
				43F2954A2990F27800F9F81A /* ConfigurationWidgetExtension.appex in Embed Foundation Extensions */,
				43F2955B2990F30A00F9F81A /* ConfigurationWidgetIntent.appex in Embed Foundation Extensions */,
			);
			name = "Embed Foundation Extensions";
			runOnlyForDeploymentPostprocessing = 0;
		};
/* End PBXCopyFilesBuildPhase section */

/* Begin PBXFileReference section */
		430E29F32986FFE200147C45 /* Target.app */ = {isa = PBXFileReference; explicitFileType = wrapper.application; includeInIndex = 0; path = Target.app; sourceTree = BUILT_PRODUCTS_DIR; };
		430E29F62986FFE200147C45 /* TargetApp.swift */ = {isa = PBXFileReference; lastKnownFileType = sourcecode.swift; path = TargetApp.swift; sourceTree = "<group>"; };
		430E29F82986FFE200147C45 /* ContentView.swift */ = {isa = PBXFileReference; lastKnownFileType = sourcecode.swift; path = ContentView.swift; sourceTree = "<group>"; };
		430E29FA2986FFE300147C45 /* Assets.xcassets */ = {isa = PBXFileReference; lastKnownFileType = folder.assetcatalog; path = Assets.xcassets; sourceTree = "<group>"; };
		430E29FD2986FFE300147C45 /* Preview Assets.xcassets */ = {isa = PBXFileReference; lastKnownFileType = folder.assetcatalog; path = "Preview Assets.xcassets"; sourceTree = "<group>"; };
		430E29FF2986FFE300147C45 /* Persistence.swift */ = {isa = PBXFileReference; lastKnownFileType = sourcecode.swift; path = Persistence.swift; sourceTree = "<group>"; };
		430E2A12298708C200147C45 /* NewTargetView.swift */ = {isa = PBXFileReference; lastKnownFileType = sourcecode.swift; path = NewTargetView.swift; sourceTree = "<group>"; };
		430E2A1929870C4B00147C45 /* en */ = {isa = PBXFileReference; lastKnownFileType = text.plist.strings; name = en; path = en.lproj/Localizable.strings; sourceTree = "<group>"; };
		430E2A1B29870C4E00147C45 /* ru */ = {isa = PBXFileReference; lastKnownFileType = text.plist.strings; name = ru; path = ru.lproj/Localizable.strings; sourceTree = "<group>"; };
		430E2A1D29870CD800147C45 /* Utils.swift */ = {isa = PBXFileReference; lastKnownFileType = sourcecode.swift; path = Utils.swift; sourceTree = "<group>"; };
		430E2A222987129900147C45 /* Extensions.swift */ = {isa = PBXFileReference; lastKnownFileType = sourcecode.swift; path = Extensions.swift; sourceTree = "<group>"; };
		4315F790298823CD00F8759B /* NotificationHandler.swift */ = {isa = PBXFileReference; lastKnownFileType = sourcecode.swift; path = NotificationHandler.swift; sourceTree = "<group>"; };
		4315F79B298832A300F8759B /* ActiveTargetDetailView.swift */ = {isa = PBXFileReference; lastKnownFileType = sourcecode.swift; path = ActiveTargetDetailView.swift; sourceTree = "<group>"; };
		4315F79D2988383E00F8759B /* Constants.swift */ = {isa = PBXFileReference; lastKnownFileType = sourcecode.swift; path = Constants.swift; sourceTree = "<group>"; };
		43228550299137FC0036EF53 /* InterstitialAd.swift */ = {isa = PBXFileReference; fileEncoding = 4; lastKnownFileType = sourcecode.swift; name = InterstitialAd.swift; path = "../../../../Documents/Target-App-Store-/Target/Helpers/InterstitialAd.swift"; sourceTree = "<group>"; };
		4336403A2988E94300AB6862 /* ActionView.swift */ = {isa = PBXFileReference; lastKnownFileType = sourcecode.swift; path = ActionView.swift; sourceTree = "<group>"; };
		4336403C2988EC4000AB6862 /* CapsuleProgress.swift */ = {isa = PBXFileReference; lastKnownFileType = sourcecode.swift; path = CapsuleProgress.swift; sourceTree = "<group>"; };
		433640422988F03700AB6862 /* TargetEntity+CoreDataClass.swift */ = {isa = PBXFileReference; lastKnownFileType = sourcecode.swift; path = "TargetEntity+CoreDataClass.swift"; sourceTree = "<group>"; };
		433640432988F03700AB6862 /* TargetEntity+CoreDataProperties.swift */ = {isa = PBXFileReference; lastKnownFileType = sourcecode.swift; path = "TargetEntity+CoreDataProperties.swift"; sourceTree = "<group>"; };
		433640462988F0D200AB6862 /* ActionEntity+CoreDataClass.swift */ = {isa = PBXFileReference; lastKnownFileType = sourcecode.swift; path = "ActionEntity+CoreDataClass.swift"; sourceTree = "<group>"; };
		433640472988F0D200AB6862 /* ActionEntity+CoreDataProperties.swift */ = {isa = PBXFileReference; lastKnownFileType = sourcecode.swift; path = "ActionEntity+CoreDataProperties.swift"; sourceTree = "<group>"; };
		4336404A298919A300AB6862 /* ActionsHistoryView.swift */ = {isa = PBXFileReference; lastKnownFileType = sourcecode.swift; path = ActionsHistoryView.swift; sourceTree = "<group>"; };
		4341E11C298AE52B001C8130 /* FinishView.swift */ = {isa = PBXFileReference; lastKnownFileType = sourcecode.swift; path = FinishView.swift; sourceTree = "<group>"; };
		4341E120298B0C12001C8130 /* CreatedTargetSection.swift */ = {isa = PBXFileReference; lastKnownFileType = sourcecode.swift; path = CreatedTargetSection.swift; sourceTree = "<group>"; };
		4343CB442989AB0A00ACCD23 /* ActiveTargetsView.swift */ = {isa = PBXFileReference; lastKnownFileType = sourcecode.swift; path = ActiveTargetsView.swift; sourceTree = "<group>"; };
		4343CB462989ABB900ACCD23 /* ArchiveTargetsView.swift */ = {isa = PBXFileReference; lastKnownFileType = sourcecode.swift; path = ArchiveTargetsView.swift; sourceTree = "<group>"; };
		4348143F2987E19100FE7C68 /* RectangleIcon.swift */ = {isa = PBXFileReference; lastKnownFileType = sourcecode.swift; path = RectangleIcon.swift; sourceTree = "<group>"; };
		434DFABC298D6308004CD60B /* Target.xcdatamodel */ = {isa = PBXFileReference; lastKnownFileType = wrapper.xcdatamodel; path = Target.xcdatamodel; sourceTree = "<group>"; };
		434DFABE298D6337004CD60B /* ArchiveTargetDetailView.swift */ = {isa = PBXFileReference; lastKnownFileType = sourcecode.swift; path = ArchiveTargetDetailView.swift; sourceTree = "<group>"; };
		434DFAC0298D687B004CD60B /* ActionsHistorySection.swift */ = {isa = PBXFileReference; lastKnownFileType = sourcecode.swift; path = ActionsHistorySection.swift; sourceTree = "<group>"; };
		435A1BD929CB385B00CC4107 /* IntentHandlerExtension.entitlements */ = {isa = PBXFileReference; fileEncoding = 4; lastKnownFileType = text.plist.entitlements; path = IntentHandlerExtension.entitlements; sourceTree = SOURCE_ROOT; };
		435A1BDB29CB385B00CC4107 /* Target.entitlements */ = {isa = PBXFileReference; fileEncoding = 4; lastKnownFileType = text.plist.entitlements; name = Target.entitlements; path = ../Target.entitlements; sourceTree = "<group>"; };
		435A1BDC29CB386D00CC4107 /* TargetWidgetExtension.entitlements */ = {isa = PBXFileReference; lastKnownFileType = text.plist.entitlements; path = TargetWidgetExtension.entitlements; sourceTree = SOURCE_ROOT; };
		435A1BDD29CB3AD800CC4107 /* StoreConfiguration.storekit */ = {isa = PBXFileReference; lastKnownFileType = text; path = StoreConfiguration.storekit; sourceTree = "<group>"; };
		435CD11729900C4800811C32 /* WidgetKit.framework */ = {isa = PBXFileReference; lastKnownFileType = wrapper.framework; name = WidgetKit.framework; path = System/Library/Frameworks/WidgetKit.framework; sourceTree = SDKROOT; };
		435CD11929900C4800811C32 /* SwiftUI.framework */ = {isa = PBXFileReference; lastKnownFileType = wrapper.framework; name = SwiftUI.framework; path = System/Library/Frameworks/SwiftUI.framework; sourceTree = SDKROOT; };
		435CD13429900E1F00811C32 /* Intents.framework */ = {isa = PBXFileReference; lastKnownFileType = wrapper.framework; name = Intents.framework; path = System/Library/Frameworks/Intents.framework; sourceTree = SDKROOT; };
		43F2953A2990F27600F9F81A /* ConfigurationWidgetExtension.appex */ = {isa = PBXFileReference; explicitFileType = "wrapper.app-extension"; includeInIndex = 0; path = ConfigurationWidgetExtension.appex; sourceTree = BUILT_PRODUCTS_DIR; };
		43F2953E2990F27600F9F81A /* ConfigurationWidgetBundle.swift */ = {isa = PBXFileReference; lastKnownFileType = sourcecode.swift; path = ConfigurationWidgetBundle.swift; sourceTree = "<group>"; };
		43F295402990F27600F9F81A /* ConfigurationWidget.swift */ = {isa = PBXFileReference; lastKnownFileType = sourcecode.swift; path = ConfigurationWidget.swift; sourceTree = "<group>"; };
		43F295422990F27600F9F81A /* ConfigurationWidget.intentdefinition */ = {isa = PBXFileReference; lastKnownFileType = file.intentdefinition; path = ConfigurationWidget.intentdefinition; sourceTree = "<group>"; };
		43F295432990F27800F9F81A /* Assets.xcassets */ = {isa = PBXFileReference; lastKnownFileType = folder.assetcatalog; path = Assets.xcassets; sourceTree = "<group>"; };
		43F295452990F27800F9F81A /* Info.plist */ = {isa = PBXFileReference; lastKnownFileType = text.plist.xml; path = Info.plist; sourceTree = "<group>"; };
		43F295532990F30A00F9F81A /* ConfigurationWidgetIntent.appex */ = {isa = PBXFileReference; explicitFileType = "wrapper.app-extension"; includeInIndex = 0; path = ConfigurationWidgetIntent.appex; sourceTree = BUILT_PRODUCTS_DIR; };
		43F295562990F30A00F9F81A /* IntentHandler.swift */ = {isa = PBXFileReference; lastKnownFileType = sourcecode.swift; path = IntentHandler.swift; sourceTree = "<group>"; };
		43F295582990F30A00F9F81A /* Info.plist */ = {isa = PBXFileReference; lastKnownFileType = text.plist.xml; path = Info.plist; sourceTree = "<group>"; };
		43F295862991191900F9F81A /* ProVersionView.swift */ = {isa = PBXFileReference; lastKnownFileType = sourcecode.swift; path = ProVersionView.swift; sourceTree = "<group>"; };
		43F2958829911B0B00F9F81A /* StoreViewModel.swift */ = {isa = PBXFileReference; lastKnownFileType = sourcecode.swift; path = StoreViewModel.swift; sourceTree = "<group>"; };
		44438848FFE750306BAA9FDC /* Pods_ConfigurationWidgetIntent.framework */ = {isa = PBXFileReference; explicitFileType = wrapper.framework; includeInIndex = 0; path = Pods_ConfigurationWidgetIntent.framework; sourceTree = BUILT_PRODUCTS_DIR; };
		457945B637CFD774CD14D541 /* Pods-ConfigurationWidgetExtension.debug.xcconfig */ = {isa = PBXFileReference; includeInIndex = 1; lastKnownFileType = text.xcconfig; name = "Pods-ConfigurationWidgetExtension.debug.xcconfig"; path = "Target Support Files/Pods-ConfigurationWidgetExtension/Pods-ConfigurationWidgetExtension.debug.xcconfig"; sourceTree = "<group>"; };
		45903950E917EB65BD05A635 /* Pods_Target.framework */ = {isa = PBXFileReference; explicitFileType = wrapper.framework; includeInIndex = 0; path = Pods_Target.framework; sourceTree = BUILT_PRODUCTS_DIR; };
		789891270E2F695A50CE9929 /* Pods-Target.debug.xcconfig */ = {isa = PBXFileReference; includeInIndex = 1; lastKnownFileType = text.xcconfig; name = "Pods-Target.debug.xcconfig"; path = "Target Support Files/Pods-Target/Pods-Target.debug.xcconfig"; sourceTree = "<group>"; };
		835DA655BBC4B16B1EE08BD2 /* Pods-ConfigurationWidgetIntent.debug.xcconfig */ = {isa = PBXFileReference; includeInIndex = 1; lastKnownFileType = text.xcconfig; name = "Pods-ConfigurationWidgetIntent.debug.xcconfig"; path = "Target Support Files/Pods-ConfigurationWidgetIntent/Pods-ConfigurationWidgetIntent.debug.xcconfig"; sourceTree = "<group>"; };
		C151C81469CC008A2BE1915C /* Pods-ConfigurationWidgetExtension.release.xcconfig */ = {isa = PBXFileReference; includeInIndex = 1; lastKnownFileType = text.xcconfig; name = "Pods-ConfigurationWidgetExtension.release.xcconfig"; path = "Target Support Files/Pods-ConfigurationWidgetExtension/Pods-ConfigurationWidgetExtension.release.xcconfig"; sourceTree = "<group>"; };
		CDE497BB79657D9595725528 /* Pods-ConfigurationWidgetIntent.release.xcconfig */ = {isa = PBXFileReference; includeInIndex = 1; lastKnownFileType = text.xcconfig; name = "Pods-ConfigurationWidgetIntent.release.xcconfig"; path = "Target Support Files/Pods-ConfigurationWidgetIntent/Pods-ConfigurationWidgetIntent.release.xcconfig"; sourceTree = "<group>"; };
		E69392D16B6FCE16783AF7D8 /* Pods-Target.release.xcconfig */ = {isa = PBXFileReference; includeInIndex = 1; lastKnownFileType = text.xcconfig; name = "Pods-Target.release.xcconfig"; path = "Target Support Files/Pods-Target/Pods-Target.release.xcconfig"; sourceTree = "<group>"; };
		ED97DA8AC93BAD5077724C7B /* Pods_ConfigurationWidgetExtension.framework */ = {isa = PBXFileReference; explicitFileType = wrapper.framework; includeInIndex = 0; path = Pods_ConfigurationWidgetExtension.framework; sourceTree = BUILT_PRODUCTS_DIR; };
/* End PBXFileReference section */

/* Begin PBXFrameworksBuildPhase section */
		430E29F02986FFE200147C45 /* Frameworks */ = {
			isa = PBXFrameworksBuildPhase;
			buildActionMask = 2147483647;
			files = (
				430E2A282987155F00147C45 /* AnyFormatKitSwiftUI in Frameworks */,
				E41403FB936C792D4E856FF5 /* Pods_Target.framework in Frameworks */,
			);
			runOnlyForDeploymentPostprocessing = 0;
		};
		43F295372990F27600F9F81A /* Frameworks */ = {
			isa = PBXFrameworksBuildPhase;
			buildActionMask = 2147483647;
			files = (
				43F2953C2990F27600F9F81A /* SwiftUI.framework in Frameworks */,
				43F2953B2990F27600F9F81A /* WidgetKit.framework in Frameworks */,
				9AB6A6A100AD48E070829FF2 /* Pods_ConfigurationWidgetExtension.framework in Frameworks */,
			);
			runOnlyForDeploymentPostprocessing = 0;
		};
		43F295502990F30A00F9F81A /* Frameworks */ = {
			isa = PBXFrameworksBuildPhase;
			buildActionMask = 2147483647;
			files = (
				43F295542990F30A00F9F81A /* Intents.framework in Frameworks */,
				AC7D38BDB55CA5E0430AB0C9 /* Pods_ConfigurationWidgetIntent.framework in Frameworks */,
			);
			runOnlyForDeploymentPostprocessing = 0;
		};
/* End PBXFrameworksBuildPhase section */

/* Begin PBXGroup section */
		1559CC78F1A862D37EFBA380 /* Pods */ = {
			isa = PBXGroup;
			children = (
				457945B637CFD774CD14D541 /* Pods-ConfigurationWidgetExtension.debug.xcconfig */,
				C151C81469CC008A2BE1915C /* Pods-ConfigurationWidgetExtension.release.xcconfig */,
				835DA655BBC4B16B1EE08BD2 /* Pods-ConfigurationWidgetIntent.debug.xcconfig */,
				CDE497BB79657D9595725528 /* Pods-ConfigurationWidgetIntent.release.xcconfig */,
				789891270E2F695A50CE9929 /* Pods-Target.debug.xcconfig */,
				E69392D16B6FCE16783AF7D8 /* Pods-Target.release.xcconfig */,
			);
			path = Pods;
			sourceTree = "<group>";
		};
		430E29EA2986FFE200147C45 = {
			isa = PBXGroup;
			children = (
				430E29F52986FFE200147C45 /* Target */,
				43F2953D2990F27600F9F81A /* ConfigurationWidget */,
				43F295552990F30A00F9F81A /* ConfigurationWidgetIntent */,
				435CD11629900C4800811C32 /* Frameworks */,
				430E29F42986FFE200147C45 /* Products */,
				1559CC78F1A862D37EFBA380 /* Pods */,
			);
			sourceTree = "<group>";
		};
		430E29F42986FFE200147C45 /* Products */ = {
			isa = PBXGroup;
			children = (
				430E29F32986FFE200147C45 /* Target.app */,
				43F2953A2990F27600F9F81A /* ConfigurationWidgetExtension.appex */,
				43F295532990F30A00F9F81A /* ConfigurationWidgetIntent.appex */,
			);
			name = Products;
			sourceTree = "<group>";
		};
		430E29F52986FFE200147C45 /* Target */ = {
			isa = PBXGroup;
			children = (
				430E29F62986FFE200147C45 /* TargetApp.swift */,
				435A1BD929CB385B00CC4107 /* IntentHandlerExtension.entitlements */,
				435A1BDC29CB386D00CC4107 /* TargetWidgetExtension.entitlements */,
				435A1BDB29CB385B00CC4107 /* Target.entitlements */,
				43F2958A29911B0F00F9F81A /* View Models */,
				430E2A1529870AAD00147C45 /* Views */,
				430E2A1C29870CCA00147C45 /* Helpers */,
				430E2A0D2987019A00147C45 /* Core Data */,
				430E29FC2986FFE300147C45 /* Preview Content */,
				430E2A1A29870C4B00147C45 /* Localizable.strings */,
				430E29FA2986FFE300147C45 /* Assets.xcassets */,
			);
			path = Target;
			sourceTree = "<group>";
		};
		430E29FC2986FFE300147C45 /* Preview Content */ = {
			isa = PBXGroup;
			children = (
				430E29FD2986FFE300147C45 /* Preview Assets.xcassets */,
			);
			path = "Preview Content";
			sourceTree = "<group>";
		};
		430E2A0D2987019A00147C45 /* Core Data */ = {
			isa = PBXGroup;
			children = (
				434DFABB298D6308004CD60B /* Target_app.xcdatamodeld */,
				430E29FF2986FFE300147C45 /* Persistence.swift */,
				433640422988F03700AB6862 /* TargetEntity+CoreDataClass.swift */,
				433640432988F03700AB6862 /* TargetEntity+CoreDataProperties.swift */,
				433640462988F0D200AB6862 /* ActionEntity+CoreDataClass.swift */,
				433640472988F0D200AB6862 /* ActionEntity+CoreDataProperties.swift */,
			);
			path = "Core Data";
			sourceTree = "<group>";
		};
		430E2A1529870AAD00147C45 /* Views */ = {
			isa = PBXGroup;
			children = (
				430E29F82986FFE200147C45 /* ContentView.swift */,
				430E2A12298708C200147C45 /* NewTargetView.swift */,
				4343CB442989AB0A00ACCD23 /* ActiveTargetsView.swift */,
				4315F79B298832A300F8759B /* ActiveTargetDetailView.swift */,
				4343CB462989ABB900ACCD23 /* ArchiveTargetsView.swift */,
				434DFABE298D6337004CD60B /* ArchiveTargetDetailView.swift */,
				4336403A2988E94300AB6862 /* ActionView.swift */,
				4336404A298919A300AB6862 /* ActionsHistoryView.swift */,
				4341E11C298AE52B001C8130 /* FinishView.swift */,
				43F295862991191900F9F81A /* ProVersionView.swift */,
				4341E11F298B0BC9001C8130 /* Custom Views */,
			);
			path = Views;
			sourceTree = "<group>";
		};
		430E2A1C29870CCA00147C45 /* Helpers */ = {
			isa = PBXGroup;
			children = (
				4315F790298823CD00F8759B /* NotificationHandler.swift */,
				430E2A1D29870CD800147C45 /* Utils.swift */,
				430E2A222987129900147C45 /* Extensions.swift */,
				4315F79D2988383E00F8759B /* Constants.swift */,
				43228550299137FC0036EF53 /* InterstitialAd.swift */,
				435A1BDD29CB3AD800CC4107 /* StoreConfiguration.storekit */,
			);
			path = Helpers;
			sourceTree = "<group>";
		};
		4341E11F298B0BC9001C8130 /* Custom Views */ = {
			isa = PBXGroup;
			children = (
				4348143F2987E19100FE7C68 /* RectangleIcon.swift */,
				4336403C2988EC4000AB6862 /* CapsuleProgress.swift */,
				4341E120298B0C12001C8130 /* CreatedTargetSection.swift */,
				434DFAC0298D687B004CD60B /* ActionsHistorySection.swift */,
			);
			path = "Custom Views";
			sourceTree = "<group>";
		};
		435CD11629900C4800811C32 /* Frameworks */ = {
			isa = PBXGroup;
			children = (
				435CD11729900C4800811C32 /* WidgetKit.framework */,
				435CD11929900C4800811C32 /* SwiftUI.framework */,
				435CD13429900E1F00811C32 /* Intents.framework */,
				ED97DA8AC93BAD5077724C7B /* Pods_ConfigurationWidgetExtension.framework */,
				44438848FFE750306BAA9FDC /* Pods_ConfigurationWidgetIntent.framework */,
				45903950E917EB65BD05A635 /* Pods_Target.framework */,
			);
			name = Frameworks;
			sourceTree = "<group>";
		};
		43F2953D2990F27600F9F81A /* ConfigurationWidget */ = {
			isa = PBXGroup;
			children = (
				43F2953E2990F27600F9F81A /* ConfigurationWidgetBundle.swift */,
				43F295402990F27600F9F81A /* ConfigurationWidget.swift */,
				43F295422990F27600F9F81A /* ConfigurationWidget.intentdefinition */,
				43F295432990F27800F9F81A /* Assets.xcassets */,
				43F295452990F27800F9F81A /* Info.plist */,
			);
			path = ConfigurationWidget;
			sourceTree = "<group>";
		};
		43F295552990F30A00F9F81A /* ConfigurationWidgetIntent */ = {
			isa = PBXGroup;
			children = (
				43F295562990F30A00F9F81A /* IntentHandler.swift */,
				43F295582990F30A00F9F81A /* Info.plist */,
			);
			path = ConfigurationWidgetIntent;
			sourceTree = "<group>";
		};
		43F2958A29911B0F00F9F81A /* View Models */ = {
			isa = PBXGroup;
			children = (
				43F2958829911B0B00F9F81A /* StoreViewModel.swift */,
			);
			path = "View Models";
			sourceTree = "<group>";
		};
/* End PBXGroup section */

/* Begin PBXNativeTarget section */
		430E29F22986FFE200147C45 /* Target */ = {
			isa = PBXNativeTarget;
			buildConfigurationList = 430E2A062986FFE300147C45 /* Build configuration list for PBXNativeTarget "Target" */;
			buildPhases = (
				2C820698430B8656A009EE7C /* [CP] Check Pods Manifest.lock */,
				430E29EF2986FFE200147C45 /* Sources */,
				430E29F02986FFE200147C45 /* Frameworks */,
				430E29F12986FFE200147C45 /* Resources */,
				435CD12929900C4900811C32 /* Embed Foundation Extensions */,
				B11B903B89229736B99DAB5C /* [CP] Embed Pods Frameworks */,
				C3E4FF0E767B1221DDF31DFA /* [CP] Copy Pods Resources */,
			);
			buildRules = (
			);
			dependencies = (
				43F295492990F27800F9F81A /* PBXTargetDependency */,
				43F2955A2990F30A00F9F81A /* PBXTargetDependency */,
			);
			name = Target;
			packageProductDependencies = (
				430E2A272987155F00147C45 /* AnyFormatKitSwiftUI */,
			);
			productName = Target;
			productReference = 430E29F32986FFE200147C45 /* Target.app */;
			productType = "com.apple.product-type.application";
		};
		43F295392990F27600F9F81A /* ConfigurationWidgetExtension */ = {
			isa = PBXNativeTarget;
			buildConfigurationList = 43F2954D2990F27800F9F81A /* Build configuration list for PBXNativeTarget "ConfigurationWidgetExtension" */;
			buildPhases = (
				518B43086E301FDC2B11E6AE /* [CP] Check Pods Manifest.lock */,
				43F295362990F27600F9F81A /* Sources */,
				43F295372990F27600F9F81A /* Frameworks */,
				43F295382990F27600F9F81A /* Resources */,
			);
			buildRules = (
			);
			dependencies = (
			);
			name = ConfigurationWidgetExtension;
			productName = ConfigurationWidgetExtension;
			productReference = 43F2953A2990F27600F9F81A /* ConfigurationWidgetExtension.appex */;
			productType = "com.apple.product-type.app-extension";
		};
		43F295522990F30A00F9F81A /* ConfigurationWidgetIntent */ = {
			isa = PBXNativeTarget;
			buildConfigurationList = 43F2955C2990F30A00F9F81A /* Build configuration list for PBXNativeTarget "ConfigurationWidgetIntent" */;
			buildPhases = (
				A526B28773EF34009A0854DB /* [CP] Check Pods Manifest.lock */,
				43F2954F2990F30A00F9F81A /* Sources */,
				43F295502990F30A00F9F81A /* Frameworks */,
				43F295512990F30A00F9F81A /* Resources */,
			);
			buildRules = (
			);
			dependencies = (
			);
			name = ConfigurationWidgetIntent;
			productName = ConfigurationWidgetIntent;
			productReference = 43F295532990F30A00F9F81A /* ConfigurationWidgetIntent.appex */;
			productType = "com.apple.product-type.app-extension";
		};
/* End PBXNativeTarget section */

/* Begin PBXProject section */
		430E29EB2986FFE200147C45 /* Project object */ = {
			isa = PBXProject;
			attributes = {
				BuildIndependentTargetsInParallel = 1;
				LastSwiftUpdateCheck = 1420;
				LastUpgradeCheck = 1420;
				TargetAttributes = {
					430E29F22986FFE200147C45 = {
						CreatedOnToolsVersion = 14.2;
					};
					43F295392990F27600F9F81A = {
						CreatedOnToolsVersion = 14.2;
					};
					43F295522990F30A00F9F81A = {
						CreatedOnToolsVersion = 14.2;
					};
				};
			};
			buildConfigurationList = 430E29EE2986FFE200147C45 /* Build configuration list for PBXProject "Target" */;
			compatibilityVersion = "Xcode 14.0";
			developmentRegion = en;
			hasScannedForEncodings = 0;
			knownRegions = (
				en,
				ru,
			);
			mainGroup = 430E29EA2986FFE200147C45;
			packageReferences = (
				430E2A262987155F00147C45 /* XCRemoteSwiftPackageReference "AnyFormatKitSwiftUI" */,
			);
			productRefGroup = 430E29F42986FFE200147C45 /* Products */;
			projectDirPath = "";
			projectRoot = "";
			targets = (
				430E29F22986FFE200147C45 /* Target */,
				43F295392990F27600F9F81A /* ConfigurationWidgetExtension */,
				43F295522990F30A00F9F81A /* ConfigurationWidgetIntent */,
			);
		};
/* End PBXProject section */

/* Begin PBXResourcesBuildPhase section */
		430E29F12986FFE200147C45 /* Resources */ = {
			isa = PBXResourcesBuildPhase;
			buildActionMask = 2147483647;
			files = (
				430E29FE2986FFE300147C45 /* Preview Assets.xcassets in Resources */,
				430E2A1829870C4B00147C45 /* Localizable.strings in Resources */,
				430E29FB2986FFE300147C45 /* Assets.xcassets in Resources */,
				435A1BDE29CB3AD800CC4107 /* StoreConfiguration.storekit in Resources */,
			);
			runOnlyForDeploymentPostprocessing = 0;
		};
		43F295382990F27600F9F81A /* Resources */ = {
			isa = PBXResourcesBuildPhase;
			buildActionMask = 2147483647;
			files = (
				43F295442990F27800F9F81A /* Assets.xcassets in Resources */,
				4365A0C629914D9B00FA6E7F /* Localizable.strings in Resources */,
			);
			runOnlyForDeploymentPostprocessing = 0;
		};
		43F295512990F30A00F9F81A /* Resources */ = {
			isa = PBXResourcesBuildPhase;
			buildActionMask = 2147483647;
			files = (
				4365A0C729914D9B00FA6E7F /* Localizable.strings in Resources */,
			);
			runOnlyForDeploymentPostprocessing = 0;
		};
/* End PBXResourcesBuildPhase section */

/* Begin PBXShellScriptBuildPhase section */
		2C820698430B8656A009EE7C /* [CP] Check Pods Manifest.lock */ = {
			isa = PBXShellScriptBuildPhase;
			buildActionMask = 2147483647;
			files = (
			);
			inputFileListPaths = (
			);
			inputPaths = (
				"${PODS_PODFILE_DIR_PATH}/Podfile.lock",
				"${PODS_ROOT}/Manifest.lock",
			);
			name = "[CP] Check Pods Manifest.lock";
			outputFileListPaths = (
			);
			outputPaths = (
				"$(DERIVED_FILE_DIR)/Pods-Target-checkManifestLockResult.txt",
			);
			runOnlyForDeploymentPostprocessing = 0;
			shellPath = /bin/sh;
			shellScript = "diff \"${PODS_PODFILE_DIR_PATH}/Podfile.lock\" \"${PODS_ROOT}/Manifest.lock\" > /dev/null\nif [ $? != 0 ] ; then\n    # print error to STDERR\n    echo \"error: The sandbox is not in sync with the Podfile.lock. Run 'pod install' or update your CocoaPods installation.\" >&2\n    exit 1\nfi\n# This output is used by Xcode 'outputs' to avoid re-running this script phase.\necho \"SUCCESS\" > \"${SCRIPT_OUTPUT_FILE_0}\"\n";
			showEnvVarsInLog = 0;
		};
		518B43086E301FDC2B11E6AE /* [CP] Check Pods Manifest.lock */ = {
			isa = PBXShellScriptBuildPhase;
			buildActionMask = 2147483647;
			files = (
			);
			inputFileListPaths = (
			);
			inputPaths = (
				"${PODS_PODFILE_DIR_PATH}/Podfile.lock",
				"${PODS_ROOT}/Manifest.lock",
			);
			name = "[CP] Check Pods Manifest.lock";
			outputFileListPaths = (
			);
			outputPaths = (
				"$(DERIVED_FILE_DIR)/Pods-ConfigurationWidgetExtension-checkManifestLockResult.txt",
			);
			runOnlyForDeploymentPostprocessing = 0;
			shellPath = /bin/sh;
			shellScript = "diff \"${PODS_PODFILE_DIR_PATH}/Podfile.lock\" \"${PODS_ROOT}/Manifest.lock\" > /dev/null\nif [ $? != 0 ] ; then\n    # print error to STDERR\n    echo \"error: The sandbox is not in sync with the Podfile.lock. Run 'pod install' or update your CocoaPods installation.\" >&2\n    exit 1\nfi\n# This output is used by Xcode 'outputs' to avoid re-running this script phase.\necho \"SUCCESS\" > \"${SCRIPT_OUTPUT_FILE_0}\"\n";
			showEnvVarsInLog = 0;
		};
		A526B28773EF34009A0854DB /* [CP] Check Pods Manifest.lock */ = {
			isa = PBXShellScriptBuildPhase;
			buildActionMask = 2147483647;
			files = (
			);
			inputFileListPaths = (
			);
			inputPaths = (
				"${PODS_PODFILE_DIR_PATH}/Podfile.lock",
				"${PODS_ROOT}/Manifest.lock",
			);
			name = "[CP] Check Pods Manifest.lock";
			outputFileListPaths = (
			);
			outputPaths = (
				"$(DERIVED_FILE_DIR)/Pods-ConfigurationWidgetIntent-checkManifestLockResult.txt",
			);
			runOnlyForDeploymentPostprocessing = 0;
			shellPath = /bin/sh;
			shellScript = "diff \"${PODS_PODFILE_DIR_PATH}/Podfile.lock\" \"${PODS_ROOT}/Manifest.lock\" > /dev/null\nif [ $? != 0 ] ; then\n    # print error to STDERR\n    echo \"error: The sandbox is not in sync with the Podfile.lock. Run 'pod install' or update your CocoaPods installation.\" >&2\n    exit 1\nfi\n# This output is used by Xcode 'outputs' to avoid re-running this script phase.\necho \"SUCCESS\" > \"${SCRIPT_OUTPUT_FILE_0}\"\n";
			showEnvVarsInLog = 0;
		};
		B11B903B89229736B99DAB5C /* [CP] Embed Pods Frameworks */ = {
			isa = PBXShellScriptBuildPhase;
			buildActionMask = 2147483647;
			files = (
			);
			inputFileListPaths = (
				"${PODS_ROOT}/Target Support Files/Pods-Target/Pods-Target-frameworks-${CONFIGURATION}-input-files.xcfilelist",
			);
			name = "[CP] Embed Pods Frameworks";
			outputFileListPaths = (
				"${PODS_ROOT}/Target Support Files/Pods-Target/Pods-Target-frameworks-${CONFIGURATION}-output-files.xcfilelist",
			);
			runOnlyForDeploymentPostprocessing = 0;
			shellPath = /bin/sh;
			shellScript = "\"${PODS_ROOT}/Target Support Files/Pods-Target/Pods-Target-frameworks.sh\"\n";
			showEnvVarsInLog = 0;
		};
		C3E4FF0E767B1221DDF31DFA /* [CP] Copy Pods Resources */ = {
			isa = PBXShellScriptBuildPhase;
			buildActionMask = 2147483647;
			files = (
			);
			inputFileListPaths = (
				"${PODS_ROOT}/Target Support Files/Pods-Target/Pods-Target-resources-${CONFIGURATION}-input-files.xcfilelist",
			);
			name = "[CP] Copy Pods Resources";
			outputFileListPaths = (
				"${PODS_ROOT}/Target Support Files/Pods-Target/Pods-Target-resources-${CONFIGURATION}-output-files.xcfilelist",
			);
			runOnlyForDeploymentPostprocessing = 0;
			shellPath = /bin/sh;
			shellScript = "\"${PODS_ROOT}/Target Support Files/Pods-Target/Pods-Target-resources.sh\"\n";
			showEnvVarsInLog = 0;
		};
/* End PBXShellScriptBuildPhase section */

/* Begin PBXSourcesBuildPhase section */
		430E29EF2986FFE200147C45 /* Sources */ = {
			isa = PBXSourcesBuildPhase;
			buildActionMask = 2147483647;
			files = (
				43228551299137FC0036EF53 /* InterstitialAd.swift in Sources */,
				430E2A002986FFE300147C45 /* Persistence.swift in Sources */,
				430E29F92986FFE200147C45 /* ContentView.swift in Sources */,
				43F295472990F27800F9F81A /* ConfigurationWidget.intentdefinition in Sources */,
				4336403D2988EC4000AB6862 /* CapsuleProgress.swift in Sources */,
				434DFABF298D6337004CD60B /* ArchiveTargetDetailView.swift in Sources */,
				433640442988F03700AB6862 /* TargetEntity+CoreDataClass.swift in Sources */,
				433640482988F0D200AB6862 /* ActionEntity+CoreDataClass.swift in Sources */,
				4365A0C92991809900FA6E7F /* ConfigurationWidget.swift in Sources */,
				43F295872991191900F9F81A /* ProVersionView.swift in Sources */,
				433640492988F0D200AB6862 /* ActionEntity+CoreDataProperties.swift in Sources */,
				4343CB472989ABB900ACCD23 /* ArchiveTargetsView.swift in Sources */,
				43F2958929911B0B00F9F81A /* StoreViewModel.swift in Sources */,
				4341E121298B0C12001C8130 /* CreatedTargetSection.swift in Sources */,
				434DFABD298D6308004CD60B /* Target_app.xcdatamodeld in Sources */,
				4315F791298823CD00F8759B /* NotificationHandler.swift in Sources */,
				4336403B2988E94300AB6862 /* ActionView.swift in Sources */,
				4315F79C298832A300F8759B /* ActiveTargetDetailView.swift in Sources */,
				433640452988F03700AB6862 /* TargetEntity+CoreDataProperties.swift in Sources */,
				4343CB452989AB0A00ACCD23 /* ActiveTargetsView.swift in Sources */,
				4315F79E2988383E00F8759B /* Constants.swift in Sources */,
				4341E11D298AE52B001C8130 /* FinishView.swift in Sources */,
				430E2A232987129900147C45 /* Extensions.swift in Sources */,
				434814402987E19100FE7C68 /* RectangleIcon.swift in Sources */,
				4336404B298919A300AB6862 /* ActionsHistoryView.swift in Sources */,
				430E29F72986FFE200147C45 /* TargetApp.swift in Sources */,
				430E2A13298708C200147C45 /* NewTargetView.swift in Sources */,
				434DFAC1298D687B004CD60B /* ActionsHistorySection.swift in Sources */,
				430E2A1E29870CD800147C45 /* Utils.swift in Sources */,
			);
			runOnlyForDeploymentPostprocessing = 0;
		};
		43F295362990F27600F9F81A /* Sources */ = {
			isa = PBXSourcesBuildPhase;
			buildActionMask = 2147483647;
			files = (
				43F295642990F4AB00F9F81A /* Utils.swift in Sources */,
				43F295462990F27800F9F81A /* ConfigurationWidget.intentdefinition in Sources */,
				43F295412990F27600F9F81A /* ConfigurationWidget.swift in Sources */,
				43F2955F2990F31200F9F81A /* IntentHandler.swift in Sources */,
				4365A0C82991805100FA6E7F /* RectangleIcon.swift in Sources */,
				43F2953F2990F27600F9F81A /* ConfigurationWidgetBundle.swift in Sources */,
				43F295672990FC2F00F9F81A /* Constants.swift in Sources */,
				43F295692991015700F9F81A /* Extensions.swift in Sources */,
			);
			runOnlyForDeploymentPostprocessing = 0;
		};
		43F2954F2990F30A00F9F81A /* Sources */ = {
			isa = PBXSourcesBuildPhase;
			buildActionMask = 2147483647;
			files = (
				43F295632990F4AB00F9F81A /* Utils.swift in Sources */,
				43F295622990F32700F9F81A /* ConfigurationWidgetBundle.swift in Sources */,
				43F295572990F30A00F9F81A /* IntentHandler.swift in Sources */,
				43F295612990F32500F9F81A /* ConfigurationWidget.swift in Sources */,
				4365A0CA299180A500FA6E7F /* RectangleIcon.swift in Sources */,
				43F295602990F32200F9F81A /* ConfigurationWidget.intentdefinition in Sources */,
				43F295662990FC2E00F9F81A /* Constants.swift in Sources */,
				43F295682991015600F9F81A /* Extensions.swift in Sources */,
			);
			runOnlyForDeploymentPostprocessing = 0;
		};
/* End PBXSourcesBuildPhase section */

/* Begin PBXTargetDependency section */
		43F295492990F27800F9F81A /* PBXTargetDependency */ = {
			isa = PBXTargetDependency;
			target = 43F295392990F27600F9F81A /* ConfigurationWidgetExtension */;
			targetProxy = 43F295482990F27800F9F81A /* PBXContainerItemProxy */;
		};
		43F2955A2990F30A00F9F81A /* PBXTargetDependency */ = {
			isa = PBXTargetDependency;
			target = 43F295522990F30A00F9F81A /* ConfigurationWidgetIntent */;
			targetProxy = 43F295592990F30A00F9F81A /* PBXContainerItemProxy */;
		};
/* End PBXTargetDependency section */

/* Begin PBXVariantGroup section */
		430E2A1A29870C4B00147C45 /* Localizable.strings */ = {
			isa = PBXVariantGroup;
			children = (
				430E2A1929870C4B00147C45 /* en */,
				430E2A1B29870C4E00147C45 /* ru */,
			);
			name = Localizable.strings;
			sourceTree = "<group>";
		};
/* End PBXVariantGroup section */

/* Begin XCBuildConfiguration section */
		430E2A042986FFE300147C45 /* Debug */ = {
			isa = XCBuildConfiguration;
			buildSettings = {
				ALWAYS_SEARCH_USER_PATHS = NO;
				CLANG_ANALYZER_NONNULL = YES;
				CLANG_ANALYZER_NUMBER_OBJECT_CONVERSION = YES_AGGRESSIVE;
				CLANG_CXX_LANGUAGE_STANDARD = "gnu++20";
				CLANG_ENABLE_MODULES = YES;
				CLANG_ENABLE_OBJC_ARC = YES;
				CLANG_ENABLE_OBJC_WEAK = YES;
				CLANG_WARN_BLOCK_CAPTURE_AUTORELEASING = YES;
				CLANG_WARN_BOOL_CONVERSION = YES;
				CLANG_WARN_COMMA = YES;
				CLANG_WARN_CONSTANT_CONVERSION = YES;
				CLANG_WARN_DEPRECATED_OBJC_IMPLEMENTATIONS = YES;
				CLANG_WARN_DIRECT_OBJC_ISA_USAGE = YES_ERROR;
				CLANG_WARN_DOCUMENTATION_COMMENTS = YES;
				CLANG_WARN_EMPTY_BODY = YES;
				CLANG_WARN_ENUM_CONVERSION = YES;
				CLANG_WARN_INFINITE_RECURSION = YES;
				CLANG_WARN_INT_CONVERSION = YES;
				CLANG_WARN_NON_LITERAL_NULL_CONVERSION = YES;
				CLANG_WARN_OBJC_IMPLICIT_RETAIN_SELF = YES;
				CLANG_WARN_OBJC_LITERAL_CONVERSION = YES;
				CLANG_WARN_OBJC_ROOT_CLASS = YES_ERROR;
				CLANG_WARN_QUOTED_INCLUDE_IN_FRAMEWORK_HEADER = YES;
				CLANG_WARN_RANGE_LOOP_ANALYSIS = YES;
				CLANG_WARN_STRICT_PROTOTYPES = YES;
				CLANG_WARN_SUSPICIOUS_MOVE = YES;
				CLANG_WARN_UNGUARDED_AVAILABILITY = YES_AGGRESSIVE;
				CLANG_WARN_UNREACHABLE_CODE = YES;
				CLANG_WARN__DUPLICATE_METHOD_MATCH = YES;
				COPY_PHASE_STRIP = NO;
				DEBUG_INFORMATION_FORMAT = dwarf;
				ENABLE_STRICT_OBJC_MSGSEND = YES;
				ENABLE_TESTABILITY = YES;
				GCC_C_LANGUAGE_STANDARD = gnu11;
				GCC_DYNAMIC_NO_PIC = NO;
				GCC_NO_COMMON_BLOCKS = YES;
				GCC_OPTIMIZATION_LEVEL = 0;
				GCC_PREPROCESSOR_DEFINITIONS = (
					"DEBUG=1",
					"$(inherited)",
				);
				GCC_WARN_64_TO_32_BIT_CONVERSION = YES;
				GCC_WARN_ABOUT_RETURN_TYPE = YES_ERROR;
				GCC_WARN_UNDECLARED_SELECTOR = YES;
				GCC_WARN_UNINITIALIZED_AUTOS = YES_AGGRESSIVE;
				GCC_WARN_UNUSED_FUNCTION = YES;
				GCC_WARN_UNUSED_VARIABLE = YES;
				IPHONEOS_DEPLOYMENT_TARGET = 15.0;
				MTL_ENABLE_DEBUG_INFO = INCLUDE_SOURCE;
				MTL_FAST_MATH = YES;
				ONLY_ACTIVE_ARCH = YES;
				SDKROOT = iphoneos;
				SWIFT_ACTIVE_COMPILATION_CONDITIONS = DEBUG;
				SWIFT_OPTIMIZATION_LEVEL = "-Onone";
			};
			name = Debug;
		};
		430E2A052986FFE300147C45 /* Release */ = {
			isa = XCBuildConfiguration;
			buildSettings = {
				ALWAYS_SEARCH_USER_PATHS = NO;
				CLANG_ANALYZER_NONNULL = YES;
				CLANG_ANALYZER_NUMBER_OBJECT_CONVERSION = YES_AGGRESSIVE;
				CLANG_CXX_LANGUAGE_STANDARD = "gnu++20";
				CLANG_ENABLE_MODULES = YES;
				CLANG_ENABLE_OBJC_ARC = YES;
				CLANG_ENABLE_OBJC_WEAK = YES;
				CLANG_WARN_BLOCK_CAPTURE_AUTORELEASING = YES;
				CLANG_WARN_BOOL_CONVERSION = YES;
				CLANG_WARN_COMMA = YES;
				CLANG_WARN_CONSTANT_CONVERSION = YES;
				CLANG_WARN_DEPRECATED_OBJC_IMPLEMENTATIONS = YES;
				CLANG_WARN_DIRECT_OBJC_ISA_USAGE = YES_ERROR;
				CLANG_WARN_DOCUMENTATION_COMMENTS = YES;
				CLANG_WARN_EMPTY_BODY = YES;
				CLANG_WARN_ENUM_CONVERSION = YES;
				CLANG_WARN_INFINITE_RECURSION = YES;
				CLANG_WARN_INT_CONVERSION = YES;
				CLANG_WARN_NON_LITERAL_NULL_CONVERSION = YES;
				CLANG_WARN_OBJC_IMPLICIT_RETAIN_SELF = YES;
				CLANG_WARN_OBJC_LITERAL_CONVERSION = YES;
				CLANG_WARN_OBJC_ROOT_CLASS = YES_ERROR;
				CLANG_WARN_QUOTED_INCLUDE_IN_FRAMEWORK_HEADER = YES;
				CLANG_WARN_RANGE_LOOP_ANALYSIS = YES;
				CLANG_WARN_STRICT_PROTOTYPES = YES;
				CLANG_WARN_SUSPICIOUS_MOVE = YES;
				CLANG_WARN_UNGUARDED_AVAILABILITY = YES_AGGRESSIVE;
				CLANG_WARN_UNREACHABLE_CODE = YES;
				CLANG_WARN__DUPLICATE_METHOD_MATCH = YES;
				COPY_PHASE_STRIP = NO;
				DEBUG_INFORMATION_FORMAT = "dwarf-with-dsym";
				ENABLE_NS_ASSERTIONS = NO;
				ENABLE_STRICT_OBJC_MSGSEND = YES;
				GCC_C_LANGUAGE_STANDARD = gnu11;
				GCC_NO_COMMON_BLOCKS = YES;
				GCC_WARN_64_TO_32_BIT_CONVERSION = YES;
				GCC_WARN_ABOUT_RETURN_TYPE = YES_ERROR;
				GCC_WARN_UNDECLARED_SELECTOR = YES;
				GCC_WARN_UNINITIALIZED_AUTOS = YES_AGGRESSIVE;
				GCC_WARN_UNUSED_FUNCTION = YES;
				GCC_WARN_UNUSED_VARIABLE = YES;
				IPHONEOS_DEPLOYMENT_TARGET = 15.0;
				MTL_ENABLE_DEBUG_INFO = NO;
				MTL_FAST_MATH = YES;
				SDKROOT = iphoneos;
				SWIFT_COMPILATION_MODE = wholemodule;
				SWIFT_OPTIMIZATION_LEVEL = "-O";
				VALIDATE_PRODUCT = YES;
			};
			name = Release;
		};
		430E2A072986FFE300147C45 /* Debug */ = {
			isa = XCBuildConfiguration;
			baseConfigurationReference = 789891270E2F695A50CE9929 /* Pods-Target.debug.xcconfig */;
			buildSettings = {
				ALWAYS_EMBED_SWIFT_STANDARD_LIBRARIES = YES;
				ASSETCATALOG_COMPILER_APPICON_NAME = AppIcon;
				ASSETCATALOG_COMPILER_GLOBAL_ACCENT_COLOR_NAME = AccentColor;
				CODE_SIGN_ENTITLEMENTS = /Users/fadeynotchenko/Documents/TargetApp/Target.entitlements;
				CODE_SIGN_STYLE = Automatic;
				CURRENT_PROJECT_VERSION = 1;
				DEVELOPMENT_ASSET_PATHS = "\"Target/Preview Content\"";
				DEVELOPMENT_TEAM = CQ3SGH4DSY;
				ENABLE_PREVIEWS = YES;
				GENERATE_INFOPLIST_FILE = YES;
				INFOPLIST_FILE = Target/Info.plist;
				INFOPLIST_KEY_UIApplicationSceneManifest_Generation = YES;
				INFOPLIST_KEY_UIApplicationSupportsIndirectInputEvents = YES;
				INFOPLIST_KEY_UILaunchScreen_Generation = YES;
				INFOPLIST_KEY_UISupportedInterfaceOrientations = UIInterfaceOrientationPortrait;
				INFOPLIST_KEY_UISupportedInterfaceOrientations_iPad = "UIInterfaceOrientationLandscapeLeft UIInterfaceOrientationLandscapeRight UIInterfaceOrientationPortrait UIInterfaceOrientationPortraitUpsideDown";
				IPHONEOS_DEPLOYMENT_TARGET = 15.0;
				LD_RUNPATH_SEARCH_PATHS = (
					"$(inherited)",
					"@executable_path/Frameworks",
				);
				MARKETING_VERSION = 1.1.2;
				PRODUCT_BUNDLE_IDENTIFIER = VN.Target;
				PRODUCT_NAME = "$(TARGET_NAME)";
				SWIFT_EMIT_LOC_STRINGS = YES;
				SWIFT_VERSION = 5.0;
				TARGETED_DEVICE_FAMILY = "1,2";
			};
			name = Debug;
		};
		430E2A082986FFE300147C45 /* Release */ = {
			isa = XCBuildConfiguration;
			baseConfigurationReference = E69392D16B6FCE16783AF7D8 /* Pods-Target.release.xcconfig */;
			buildSettings = {
				ALWAYS_EMBED_SWIFT_STANDARD_LIBRARIES = YES;
				ASSETCATALOG_COMPILER_APPICON_NAME = AppIcon;
				ASSETCATALOG_COMPILER_GLOBAL_ACCENT_COLOR_NAME = AccentColor;
				CODE_SIGN_ENTITLEMENTS = /Users/fadeynotchenko/Documents/TargetApp/Target.entitlements;
				CODE_SIGN_STYLE = Automatic;
				CURRENT_PROJECT_VERSION = 1;
				DEVELOPMENT_ASSET_PATHS = "\"Target/Preview Content\"";
				DEVELOPMENT_TEAM = CQ3SGH4DSY;
				ENABLE_PREVIEWS = YES;
				GENERATE_INFOPLIST_FILE = YES;
				INFOPLIST_FILE = Target/Info.plist;
				INFOPLIST_KEY_UIApplicationSceneManifest_Generation = YES;
				INFOPLIST_KEY_UIApplicationSupportsIndirectInputEvents = YES;
				INFOPLIST_KEY_UILaunchScreen_Generation = YES;
				INFOPLIST_KEY_UISupportedInterfaceOrientations = UIInterfaceOrientationPortrait;
				INFOPLIST_KEY_UISupportedInterfaceOrientations_iPad = "UIInterfaceOrientationLandscapeLeft UIInterfaceOrientationLandscapeRight UIInterfaceOrientationPortrait UIInterfaceOrientationPortraitUpsideDown";
				IPHONEOS_DEPLOYMENT_TARGET = 15.0;
				LD_RUNPATH_SEARCH_PATHS = (
					"$(inherited)",
					"@executable_path/Frameworks",
				);
				MARKETING_VERSION = 1.1.2;
				PRODUCT_BUNDLE_IDENTIFIER = VN.Target;
				PRODUCT_NAME = "$(TARGET_NAME)";
				SWIFT_EMIT_LOC_STRINGS = YES;
				SWIFT_VERSION = 5.0;
				TARGETED_DEVICE_FAMILY = "1,2";
			};
			name = Release;
		};
		43F2954B2990F27800F9F81A /* Debug */ = {
			isa = XCBuildConfiguration;
			baseConfigurationReference = 457945B637CFD774CD14D541 /* Pods-ConfigurationWidgetExtension.debug.xcconfig */;
			buildSettings = {
				ASSETCATALOG_COMPILER_GLOBAL_ACCENT_COLOR_NAME = AccentColor;
				ASSETCATALOG_COMPILER_WIDGET_BACKGROUND_COLOR_NAME = WidgetBackground;
				CODE_SIGN_ENTITLEMENTS = /Users/fadeynotchenko/Documents/TargetApp/TargetWidgetExtension.entitlements;
				CODE_SIGN_STYLE = Automatic;
				CURRENT_PROJECT_VERSION = 1;
				DEVELOPMENT_TEAM = CQ3SGH4DSY;
				GENERATE_INFOPLIST_FILE = YES;
				INFOPLIST_FILE = ConfigurationWidget/Info.plist;
				INFOPLIST_KEY_CFBundleDisplayName = ConfigurationWidget;
				INFOPLIST_KEY_NSHumanReadableCopyright = "";
				IPHONEOS_DEPLOYMENT_TARGET = 15.0;
				LD_RUNPATH_SEARCH_PATHS = (
					"$(inherited)",
					"@executable_path/Frameworks",
					"@executable_path/../../Frameworks",
				);
				MARKETING_VERSION = 1.0;
				PRODUCT_BUNDLE_IDENTIFIER = VN.Target.ConfigurationWidget;
				PRODUCT_NAME = "$(TARGET_NAME)";
				SKIP_INSTALL = YES;
				SWIFT_EMIT_LOC_STRINGS = YES;
				SWIFT_VERSION = 5.0;
				TARGETED_DEVICE_FAMILY = "1,2";
			};
			name = Debug;
		};
		43F2954C2990F27800F9F81A /* Release */ = {
			isa = XCBuildConfiguration;
			baseConfigurationReference = C151C81469CC008A2BE1915C /* Pods-ConfigurationWidgetExtension.release.xcconfig */;
			buildSettings = {
				ASSETCATALOG_COMPILER_GLOBAL_ACCENT_COLOR_NAME = AccentColor;
				ASSETCATALOG_COMPILER_WIDGET_BACKGROUND_COLOR_NAME = WidgetBackground;
				CODE_SIGN_ENTITLEMENTS = /Users/fadeynotchenko/Documents/TargetApp/TargetWidgetExtension.entitlements;
				CODE_SIGN_STYLE = Automatic;
				CURRENT_PROJECT_VERSION = 1;
				DEVELOPMENT_TEAM = CQ3SGH4DSY;
				GENERATE_INFOPLIST_FILE = YES;
				INFOPLIST_FILE = ConfigurationWidget/Info.plist;
				INFOPLIST_KEY_CFBundleDisplayName = ConfigurationWidget;
				INFOPLIST_KEY_NSHumanReadableCopyright = "";
				IPHONEOS_DEPLOYMENT_TARGET = 15.0;
				LD_RUNPATH_SEARCH_PATHS = (
					"$(inherited)",
					"@executable_path/Frameworks",
					"@executable_path/../../Frameworks",
				);
				MARKETING_VERSION = 1.0;
				PRODUCT_BUNDLE_IDENTIFIER = VN.Target.ConfigurationWidget;
				PRODUCT_NAME = "$(TARGET_NAME)";
				SKIP_INSTALL = YES;
				SWIFT_EMIT_LOC_STRINGS = YES;
				SWIFT_VERSION = 5.0;
				TARGETED_DEVICE_FAMILY = "1,2";
			};
			name = Release;
		};
		43F2955D2990F30A00F9F81A /* Debug */ = {
			isa = XCBuildConfiguration;
			baseConfigurationReference = 835DA655BBC4B16B1EE08BD2 /* Pods-ConfigurationWidgetIntent.debug.xcconfig */;
			buildSettings = {
				CODE_SIGN_ENTITLEMENTS = /Users/fadeynotchenko/Documents/TargetApp/IntentHandlerExtension.entitlements;
				CODE_SIGN_STYLE = Automatic;
				CURRENT_PROJECT_VERSION = 1;
				DEVELOPMENT_TEAM = CQ3SGH4DSY;
				GENERATE_INFOPLIST_FILE = YES;
				INFOPLIST_FILE = ConfigurationWidgetIntent/Info.plist;
				INFOPLIST_KEY_CFBundleDisplayName = ConfigurationWidgetIntent;
				INFOPLIST_KEY_NSHumanReadableCopyright = "";
				IPHONEOS_DEPLOYMENT_TARGET = 15.0;
				LD_RUNPATH_SEARCH_PATHS = (
					"$(inherited)",
					"@executable_path/Frameworks",
					"@executable_path/../../Frameworks",
				);
				MARKETING_VERSION = 1.0;
				PRODUCT_BUNDLE_IDENTIFIER = VN.Target.ConfigurationWidgetIntent;
				PRODUCT_NAME = "$(TARGET_NAME)";
				SKIP_INSTALL = YES;
				SWIFT_EMIT_LOC_STRINGS = YES;
				SWIFT_VERSION = 5.0;
				TARGETED_DEVICE_FAMILY = "1,2";
			};
			name = Debug;
		};
		43F2955E2990F30A00F9F81A /* Release */ = {
			isa = XCBuildConfiguration;
			baseConfigurationReference = CDE497BB79657D9595725528 /* Pods-ConfigurationWidgetIntent.release.xcconfig */;
			buildSettings = {
				CODE_SIGN_ENTITLEMENTS = /Users/fadeynotchenko/Documents/TargetApp/IntentHandlerExtension.entitlements;
				CODE_SIGN_STYLE = Automatic;
				CURRENT_PROJECT_VERSION = 1;
				DEVELOPMENT_TEAM = CQ3SGH4DSY;
				GENERATE_INFOPLIST_FILE = YES;
				INFOPLIST_FILE = ConfigurationWidgetIntent/Info.plist;
				INFOPLIST_KEY_CFBundleDisplayName = ConfigurationWidgetIntent;
				INFOPLIST_KEY_NSHumanReadableCopyright = "";
				IPHONEOS_DEPLOYMENT_TARGET = 15.0;
				LD_RUNPATH_SEARCH_PATHS = (
					"$(inherited)",
					"@executable_path/Frameworks",
					"@executable_path/../../Frameworks",
				);
				MARKETING_VERSION = 1.0;
				PRODUCT_BUNDLE_IDENTIFIER = VN.Target.ConfigurationWidgetIntent;
				PRODUCT_NAME = "$(TARGET_NAME)";
				SKIP_INSTALL = YES;
				SWIFT_EMIT_LOC_STRINGS = YES;
				SWIFT_VERSION = 5.0;
				TARGETED_DEVICE_FAMILY = "1,2";
			};
			name = Release;
		};
/* End XCBuildConfiguration section */

/* Begin XCConfigurationList section */
		430E29EE2986FFE200147C45 /* Build configuration list for PBXProject "Target" */ = {
			isa = XCConfigurationList;
			buildConfigurations = (
				430E2A042986FFE300147C45 /* Debug */,
				430E2A052986FFE300147C45 /* Release */,
			);
			defaultConfigurationIsVisible = 0;
			defaultConfigurationName = Release;
		};
		430E2A062986FFE300147C45 /* Build configuration list for PBXNativeTarget "Target" */ = {
			isa = XCConfigurationList;
			buildConfigurations = (
				430E2A072986FFE300147C45 /* Debug */,
				430E2A082986FFE300147C45 /* Release */,
			);
			defaultConfigurationIsVisible = 0;
			defaultConfigurationName = Release;
		};
		43F2954D2990F27800F9F81A /* Build configuration list for PBXNativeTarget "ConfigurationWidgetExtension" */ = {
			isa = XCConfigurationList;
			buildConfigurations = (
				43F2954B2990F27800F9F81A /* Debug */,
				43F2954C2990F27800F9F81A /* Release */,
			);
			defaultConfigurationIsVisible = 0;
			defaultConfigurationName = Release;
		};
		43F2955C2990F30A00F9F81A /* Build configuration list for PBXNativeTarget "ConfigurationWidgetIntent" */ = {
			isa = XCConfigurationList;
			buildConfigurations = (
				43F2955D2990F30A00F9F81A /* Debug */,
				43F2955E2990F30A00F9F81A /* Release */,
			);
			defaultConfigurationIsVisible = 0;
			defaultConfigurationName = Release;
		};
/* End XCConfigurationList section */

/* Begin XCRemoteSwiftPackageReference section */
		430E2A262987155F00147C45 /* XCRemoteSwiftPackageReference "AnyFormatKitSwiftUI" */ = {
			isa = XCRemoteSwiftPackageReference;
			repositoryURL = "https://github.com/luximetr/AnyFormatKitSwiftUI";
			requirement = {
				kind = upToNextMajorVersion;
				minimumVersion = 0.5.3;
			};
		};
/* End XCRemoteSwiftPackageReference section */

/* Begin XCSwiftPackageProductDependency section */
		430E2A272987155F00147C45 /* AnyFormatKitSwiftUI */ = {
			isa = XCSwiftPackageProductDependency;
			package = 430E2A262987155F00147C45 /* XCRemoteSwiftPackageReference "AnyFormatKitSwiftUI" */;
			productName = AnyFormatKitSwiftUI;
		};
/* End XCSwiftPackageProductDependency section */

/* Begin XCVersionGroup section */
		434DFABB298D6308004CD60B /* Target_app.xcdatamodeld */ = {
			isa = XCVersionGroup;
			children = (
				434DFABC298D6308004CD60B /* Target.xcdatamodel */,
			);
			currentVersion = 434DFABC298D6308004CD60B /* Target.xcdatamodel */;
			path = Target_app.xcdatamodeld;
			sourceTree = "<group>";
			versionGroupType = wrapper.xcdatamodel;
		};
/* End XCVersionGroup section */
	};
	rootObject = 430E29EB2986FFE200147C45 /* Project object */;
}
